PODS:
  - Kingfisher (3.1.3)
  - NibDesignable (3.0.0)
  - Realm (2.0.2):
    - Realm/Headers (= 2.0.2)
  - Realm/Headers (2.0.2)
  - RealmSwift (2.0.2):
    - Realm (= 2.0.2)

DEPENDENCIES:
  - Kingfisher (~> 3.0)
  - NibDesignable
  - RealmSwift

SPEC CHECKSUMS:
  Kingfisher: 007f5851c18c81e7cc106c9cbac1bafea1cce5dc
  NibDesignable: 6ccf1e54135cb05be0a78f803b9a8d78125a7d6d
  Realm: 0f5a194af0b7e6158b83db41b4ee1a00be7ddf1a
  RealmSwift: 0eb5070d851cba7c66e841ca756d83609dc78bc8

PODFILE CHECKSUM: e5432938e07eca395f097c5356358a571e10ad21

COCOAPODS: 1.1.0.rc.3
