PODS:
  - ADALiOS (1.2.9)
  - Crashlytics (3.8.5):
    - Fabric (~> 1.6.3)
  - Fabric (1.6.12)
  - Kingfisher (3.11.0)
  - NibDesignable (3.0.0)
  - Realm (2.10.0):
    - Realm/Headers (= 2.10.0)
  - Realm/Headers (2.10.0)
  - RealmSwift (2.10.0):
    - Realm (= 2.10.0)

DEPENDENCIES:
  - ADALiOS
  - Crashlytics
  - Fabric
  - Kingfisher (~> 3.0)
  - NibDesignable
  - RealmSwift

SPEC CHECKSUMS:
  ADALiOS: fe8e6d04ff9eae098e1b43ecdd0c4cef08d99182
  Crashlytics: dfbae35ef22ca189240d230ad501feea4ee85d2d
  Fabric: f050464eac45a2ce5a8e6e6a07e977c0df32fe28
  Kingfisher: c8911a7672c6217dec8c0520fb6e76ec4b7e0780
  NibDesignable: 6ccf1e54135cb05be0a78f803b9a8d78125a7d6d
  Realm: 98b3a25643cf6b3e07d2b99fb43fe0eb9c801dec
  RealmSwift: 34073ad3a31232bbaf7c0db898c037940284cba2

PODFILE CHECKSUM: 90fe8fbb8bf3117a34008889e466f9bb5a357a20

COCOAPODS: 1.2.1
