PODS:
  - ADALiOS (1.2.9)
  - Crashlytics (3.8.3):
    - Fabric (~> 1.6.3)
  - Fabric (1.6.9)
  - Kingfisher (3.1.3)
  - NibDesignable (3.0.0)
  - Realm (2.0.2):
    - Realm/Headers (= 2.0.2)
  - Realm/Headers (2.0.2)
  - RealmSwift (2.0.2):
    - Realm (= 2.0.2)

DEPENDENCIES:
  - ADALiOS
  - Crashlytics
  - Fabric
  - Kingfisher (~> 3.0)
  - NibDesignable
  - RealmSwift

SPEC CHECKSUMS:
  ADALiOS: fe8e6d04ff9eae098e1b43ecdd0c4cef08d99182
  Crashlytics: 2b6dbe138a42395577cfa73dfa1aa7248cadf39e
  Fabric: bc5bec42cef4bcf1ee3ce0e218fc518e4b44dfbb
  Kingfisher: 007f5851c18c81e7cc106c9cbac1bafea1cce5dc
  NibDesignable: 6ccf1e54135cb05be0a78f803b9a8d78125a7d6d
  Realm: 0f5a194af0b7e6158b83db41b4ee1a00be7ddf1a
  RealmSwift: 0eb5070d851cba7c66e841ca756d83609dc78bc8

PODFILE CHECKSUM: 9121bccdee16b6eda5aaaddb2eb4eac34c67b035

COCOAPODS: 1.1.0.rc.3
