// !$*UTF8*$!
{
	archiveVersion = 1;
	classes = {
	};
	objectVersion = 46;
	objects = {

/* Begin PBXBuildFile section */
		1F8B5060BDFFE7DB6FC4AA8C /* Pods_FaghelgappTests.framework in Frameworks */ = {isa = PBXBuildFile; fileRef = 544BC935E3966EC9C83606CA /* Pods_FaghelgappTests.framework */; };
		84387BE71DA2D38D001482EF /* PeoplePresenter.swift in Sources */ = {isa = PBXBuildFile; fileRef = 84387BE61DA2D38D001482EF /* PeoplePresenter.swift */; };
		84387BE91DA2D3DF001482EF /* PeopleViewModel.swift in Sources */ = {isa = PBXBuildFile; fileRef = 84387BE81DA2D3DF001482EF /* PeopleViewModel.swift */; };
		84387BEB1DA2D406001482EF /* PeopleConfigurator.swift in Sources */ = {isa = PBXBuildFile; fileRef = 84387BEA1DA2D406001482EF /* PeopleConfigurator.swift */; };
		846DC9721DA2BEB000B05AC8 /* PeopleEntryCell.swift in Sources */ = {isa = PBXBuildFile; fileRef = 846DC9701DA2BEB000B05AC8 /* PeopleEntryCell.swift */; };
		846DC9731DA2BEB000B05AC8 /* PeopleEntryCell.xib in Resources */ = {isa = PBXBuildFile; fileRef = 846DC9711DA2BEB000B05AC8 /* PeopleEntryCell.xib */; };
		846DC9861DA2C95F00B05AC8 /* PeopleHeaderCell.swift in Sources */ = {isa = PBXBuildFile; fileRef = 846DC9841DA2C95F00B05AC8 /* PeopleHeaderCell.swift */; };
		846DC9871DA2C95F00B05AC8 /* PeopleHeaderCell.xib in Resources */ = {isa = PBXBuildFile; fileRef = 846DC9851DA2C95F00B05AC8 /* PeopleHeaderCell.xib */; };
		846DC9891DA2CDC100B05AC8 /* PeopleInteractor.swift in Sources */ = {isa = PBXBuildFile; fileRef = 846DC9881DA2CDC100B05AC8 /* PeopleInteractor.swift */; };
		84824D7F1DAE81E400D176BA /* PeopleService.swift in Sources */ = {isa = PBXBuildFile; fileRef = 84824D7E1DAE81E400D176BA /* PeopleService.swift */; };
		84A157C21DA588A400B460FF /* Main.storyboard in Resources */ = {isa = PBXBuildFile; fileRef = 84A157C01DA588A400B460FF /* Main.storyboard */; };
		9F25AFA41DA2ABFB00488CA6 /* ProgramService.swift in Sources */ = {isa = PBXBuildFile; fileRef = 9F25AFA31DA2ABFB00488CA6 /* ProgramService.swift */; };
		9F25AFA71DA2ACCD00488CA6 /* HTTPClient.swift in Sources */ = {isa = PBXBuildFile; fileRef = 9F25AFA61DA2ACCD00488CA6 /* HTTPClient.swift */; };
		9F25AFA91DA2ACF400488CA6 /* Config.swift in Sources */ = {isa = PBXBuildFile; fileRef = 9F25AFA81DA2ACF400488CA6 /* Config.swift */; };
		9F25AFAB1DA2AD0E00488CA6 /* SeededURLSession.swift in Sources */ = {isa = PBXBuildFile; fileRef = 9F25AFAA1DA2AD0E00488CA6 /* SeededURLSession.swift */; };
		9F25AFAD1DA2AD2900488CA6 /* SeededDataTask.swift in Sources */ = {isa = PBXBuildFile; fileRef = 9F25AFAC1DA2AD2900488CA6 /* SeededDataTask.swift */; };
		9F25AFB01DA2ADA300488CA6 /* Logger.swift in Sources */ = {isa = PBXBuildFile; fileRef = 9F25AFAF1DA2ADA300488CA6 /* Logger.swift */; };
		9F25AFB21DA2AE2900488CA6 /* Constants.swift in Sources */ = {isa = PBXBuildFile; fileRef = 9F25AFB11DA2AE2900488CA6 /* Constants.swift */; };
		9F25AFB51DA2AF6D00488CA6 /* Program.swift in Sources */ = {isa = PBXBuildFile; fileRef = 9F25AFB41DA2AF6D00488CA6 /* Program.swift */; };
		9F25AFB71DA2B04E00488CA6 /* Event.swift in Sources */ = {isa = PBXBuildFile; fileRef = 9F25AFB61DA2B04E00488CA6 /* Event.swift */; };
		9F25AFB91DA2B0DE00488CA6 /* Person.swift in Sources */ = {isa = PBXBuildFile; fileRef = 9F25AFB81DA2B0DE00488CA6 /* Person.swift */; };
		9F25AFBC1DA2B91600488CA6 /* Date+WeekDay.swift in Sources */ = {isa = PBXBuildFile; fileRef = 9F25AFBB1DA2B91600488CA6 /* Date+WeekDay.swift */; };
		9F25AFBE1DA2BF7300488CA6 /* Date+Format.swift in Sources */ = {isa = PBXBuildFile; fileRef = 9F25AFBD1DA2BF7300488CA6 /* Date+Format.swift */; };
		9F5DC4AB1DB16D87001FDCD2 /* EventsViewController.swift in Sources */ = {isa = PBXBuildFile; fileRef = 9F5DC4AA1DB16D87001FDCD2 /* EventsViewController.swift */; };
		9F5DC4AD1DB16E43001FDCD2 /* EventPageViewController.swift in Sources */ = {isa = PBXBuildFile; fileRef = 9F5DC4AC1DB16E43001FDCD2 /* EventPageViewController.swift */; };
		9F5DC4AF1DB16F68001FDCD2 /* EventViewController.swift in Sources */ = {isa = PBXBuildFile; fileRef = 9F5DC4AE1DB16F68001FDCD2 /* EventViewController.swift */; };
		9F5DC4B11DB173D3001FDCD2 /* EventView.xib in Resources */ = {isa = PBXBuildFile; fileRef = 9F5DC4B01DB173D3001FDCD2 /* EventView.xib */; };
		9FCF1BE01DAEB93000F6A3D5 /* EventScrollerView.swift in Sources */ = {isa = PBXBuildFile; fileRef = 9FCF1BDF1DAEB93000F6A3D5 /* EventScrollerView.swift */; };
		9FCF1BE21DAEB93A00F6A3D5 /* EventScrollerView.xib in Resources */ = {isa = PBXBuildFile; fileRef = 9FCF1BE11DAEB93A00F6A3D5 /* EventScrollerView.xib */; };
		9FCF1BE51DAEBAA900F6A3D5 /* EventScrollerCell.swift in Sources */ = {isa = PBXBuildFile; fileRef = 9FCF1BE41DAEBAA900F6A3D5 /* EventScrollerCell.swift */; };
		9FEB719E1D9ACCAE00BBFA54 /* ProgramView.swift in Sources */ = {isa = PBXBuildFile; fileRef = 9FEB719D1D9ACCAE00BBFA54 /* ProgramView.swift */; };
		9FEB71A01D9ACCB700BBFA54 /* ProgramView.xib in Resources */ = {isa = PBXBuildFile; fileRef = 9FEB719F1D9ACCB700BBFA54 /* ProgramView.xib */; };
		9FEB71A31D9ACD1200BBFA54 /* NibLoadingView.swift in Sources */ = {isa = PBXBuildFile; fileRef = 9FEB71A21D9ACD1200BBFA54 /* NibLoadingView.swift */; };
		9FEB71A51D9ACD7D00BBFA54 /* ProgramViewController.swift in Sources */ = {isa = PBXBuildFile; fileRef = 9FEB71A41D9ACD7D00BBFA54 /* ProgramViewController.swift */; };
		9FEB71A81D9ACDF300BBFA54 /* PeopleView.swift in Sources */ = {isa = PBXBuildFile; fileRef = 9FEB71A71D9ACDF300BBFA54 /* PeopleView.swift */; };
		9FEB71AA1D9ACDFE00BBFA54 /* PeopleView.xib in Resources */ = {isa = PBXBuildFile; fileRef = 9FEB71A91D9ACDFE00BBFA54 /* PeopleView.xib */; };
		9FEB71AD1D9AD0FD00BBFA54 /* ProgramEntryCell.swift in Sources */ = {isa = PBXBuildFile; fileRef = 9FEB71AC1D9AD0FD00BBFA54 /* ProgramEntryCell.swift */; };
		9FEB71AF1D9AD10600BBFA54 /* ProgramEntryCell.xib in Resources */ = {isa = PBXBuildFile; fileRef = 9FEB71AE1D9AD10600BBFA54 /* ProgramEntryCell.xib */; };
		9FEB71B11D9AD2E800BBFA54 /* PeopleViewController.swift in Sources */ = {isa = PBXBuildFile; fileRef = 9FEB71B01D9AD2E800BBFA54 /* PeopleViewController.swift */; };
		9FEB71B41D9AE94D00BBFA54 /* Day.swift in Sources */ = {isa = PBXBuildFile; fileRef = 9FEB71B31D9AE94D00BBFA54 /* Day.swift */; };
		9FEB71B71D9AEBEE00BBFA54 /* ProgramInteractor.swift in Sources */ = {isa = PBXBuildFile; fileRef = 9FEB71B61D9AEBEE00BBFA54 /* ProgramInteractor.swift */; };
		9FEB71BA1D9AEC6500BBFA54 /* ProgramPresenter.swift in Sources */ = {isa = PBXBuildFile; fileRef = 9FEB71B91D9AEC6500BBFA54 /* ProgramPresenter.swift */; };
		9FEB71BD1D9AECEF00BBFA54 /* ProgramViewModel.swift in Sources */ = {isa = PBXBuildFile; fileRef = 9FEB71BC1D9AECEF00BBFA54 /* ProgramViewModel.swift */; };
		9FEB71C01D9AEE5200BBFA54 /* ProgramConfigurator.swift in Sources */ = {isa = PBXBuildFile; fileRef = 9FEB71BF1D9AEE5200BBFA54 /* ProgramConfigurator.swift */; };
		9FEC6A0D1DAE8BA000EA1D1C /* Roboto-Black.ttf in Resources */ = {isa = PBXBuildFile; fileRef = 9FEC6A011DAE8B8500EA1D1C /* Roboto-Black.ttf */; };
		9FEC6A0E1DAE8BA000EA1D1C /* Roboto-BlackItalic.ttf in Resources */ = {isa = PBXBuildFile; fileRef = 9FEC6A021DAE8B8500EA1D1C /* Roboto-BlackItalic.ttf */; };
		9FEC6A0F1DAE8BA000EA1D1C /* Roboto-Bold.ttf in Resources */ = {isa = PBXBuildFile; fileRef = 9FEC6A031DAE8B8500EA1D1C /* Roboto-Bold.ttf */; };
		9FEC6A101DAE8BA000EA1D1C /* Roboto-BoldItalic.ttf in Resources */ = {isa = PBXBuildFile; fileRef = 9FEC6A041DAE8B8500EA1D1C /* Roboto-BoldItalic.ttf */; };
		9FEC6A111DAE8BA000EA1D1C /* Roboto-Italic.ttf in Resources */ = {isa = PBXBuildFile; fileRef = 9FEC6A051DAE8B8500EA1D1C /* Roboto-Italic.ttf */; };
		9FEC6A121DAE8BA000EA1D1C /* Roboto-Light.ttf in Resources */ = {isa = PBXBuildFile; fileRef = 9FEC6A061DAE8B8500EA1D1C /* Roboto-Light.ttf */; };
		9FEC6A131DAE8BA000EA1D1C /* Roboto-LightItalic.ttf in Resources */ = {isa = PBXBuildFile; fileRef = 9FEC6A071DAE8B8500EA1D1C /* Roboto-LightItalic.ttf */; };
		9FEC6A141DAE8BA000EA1D1C /* Roboto-Medium.ttf in Resources */ = {isa = PBXBuildFile; fileRef = 9FEC6A081DAE8B8500EA1D1C /* Roboto-Medium.ttf */; };
		9FEC6A151DAE8BA000EA1D1C /* Roboto-MediumItalic.ttf in Resources */ = {isa = PBXBuildFile; fileRef = 9FEC6A091DAE8B8500EA1D1C /* Roboto-MediumItalic.ttf */; };
		9FEC6A161DAE8BA000EA1D1C /* Roboto-Regular.ttf in Resources */ = {isa = PBXBuildFile; fileRef = 9FEC6A0A1DAE8B8500EA1D1C /* Roboto-Regular.ttf */; };
		9FEC6A171DAE8BA000EA1D1C /* Roboto-Thin.ttf in Resources */ = {isa = PBXBuildFile; fileRef = 9FEC6A0B1DAE8B8500EA1D1C /* Roboto-Thin.ttf */; };
		9FEC6A181DAE8BA000EA1D1C /* Roboto-ThinItalic.ttf in Resources */ = {isa = PBXBuildFile; fileRef = 9FEC6A0C1DAE8B8500EA1D1C /* Roboto-ThinItalic.ttf */; };
		9FEC6A1B1DAE8CF500EA1D1C /* EventView.swift in Sources */ = {isa = PBXBuildFile; fileRef = 9FEC6A1A1DAE8CF500EA1D1C /* EventView.swift */; };
		9FEC6A1D1DAE8D3400EA1D1C /* EventScrollerCell.xib in Resources */ = {isa = PBXBuildFile; fileRef = 9FEC6A1C1DAE8D3400EA1D1C /* EventScrollerCell.xib */; };
		9FEC6A201DAE963000EA1D1C /* ProgramRouter.swift in Sources */ = {isa = PBXBuildFile; fileRef = 9FEC6A1F1DAE963000EA1D1C /* ProgramRouter.swift */; };
		B15D59521DB68C0E00750260 /* PersonView.swift in Sources */ = {isa = PBXBuildFile; fileRef = B15D59511DB68C0E00750260 /* PersonView.swift */; };
		B15D59541DB68C3700750260 /* PersonView.xib in Resources */ = {isa = PBXBuildFile; fileRef = B15D59531DB68C3700750260 /* PersonView.xib */; };
		B15D59561DB697B300750260 /* PersonViewController.swift in Sources */ = {isa = PBXBuildFile; fileRef = B15D59551DB697B300750260 /* PersonViewController.swift */; };
		B15D59581DB69EA800750260 /* PeopleRouter.swift in Sources */ = {isa = PBXBuildFile; fileRef = B15D59571DB69EA800750260 /* PeopleRouter.swift */; };
		B192B59A1D9AC9A200C8B9C2 /* AppDelegate.swift in Sources */ = {isa = PBXBuildFile; fileRef = B192B5991D9AC9A200C8B9C2 /* AppDelegate.swift */; };
		B192B5A11D9AC9A200C8B9C2 /* Assets.xcassets in Resources */ = {isa = PBXBuildFile; fileRef = B192B5A01D9AC9A200C8B9C2 /* Assets.xcassets */; };
		B192B5A41D9AC9A200C8B9C2 /* LaunchScreen.storyboard in Resources */ = {isa = PBXBuildFile; fileRef = B192B5A21D9AC9A200C8B9C2 /* LaunchScreen.storyboard */; };
		B192B5AF1D9AC9A200C8B9C2 /* FaghelgappTests.swift in Sources */ = {isa = PBXBuildFile; fileRef = B192B5AE1D9AC9A200C8B9C2 /* FaghelgappTests.swift */; };
		F282C3126DA1F03752C791B9 /* Pods_Faghelgapp.framework in Frameworks */ = {isa = PBXBuildFile; fileRef = D445080685542BFDD16F65C9 /* Pods_Faghelgapp.framework */; };
/* End PBXBuildFile section */

/* Begin PBXContainerItemProxy section */
		B192B5AB1D9AC9A200C8B9C2 /* PBXContainerItemProxy */ = {
			isa = PBXContainerItemProxy;
			containerPortal = B192B58E1D9AC9A200C8B9C2 /* Project object */;
			proxyType = 1;
			remoteGlobalIDString = B192B5951D9AC9A200C8B9C2;
			remoteInfo = Faghelgapp;
		};
/* End PBXContainerItemProxy section */

/* Begin PBXFileReference section */
		0AAE2BEED2A4853F25553F07 /* Pods-FaghelgappTests.release.xcconfig */ = {isa = PBXFileReference; includeInIndex = 1; lastKnownFileType = text.xcconfig; name = "Pods-FaghelgappTests.release.xcconfig"; path = "Pods/Target Support Files/Pods-FaghelgappTests/Pods-FaghelgappTests.release.xcconfig"; sourceTree = "<group>"; };
		32452F3C2530CF3E4413DD5C /* Pods-Faghelgapp.debug.xcconfig */ = {isa = PBXFileReference; includeInIndex = 1; lastKnownFileType = text.xcconfig; name = "Pods-Faghelgapp.debug.xcconfig"; path = "Pods/Target Support Files/Pods-Faghelgapp/Pods-Faghelgapp.debug.xcconfig"; sourceTree = "<group>"; };
		544BC935E3966EC9C83606CA /* Pods_FaghelgappTests.framework */ = {isa = PBXFileReference; explicitFileType = wrapper.framework; includeInIndex = 0; path = Pods_FaghelgappTests.framework; sourceTree = BUILT_PRODUCTS_DIR; };
		7B44F67761C6C29BE29B3E52 /* Pods-Faghelgapp.release.xcconfig */ = {isa = PBXFileReference; includeInIndex = 1; lastKnownFileType = text.xcconfig; name = "Pods-Faghelgapp.release.xcconfig"; path = "Pods/Target Support Files/Pods-Faghelgapp/Pods-Faghelgapp.release.xcconfig"; sourceTree = "<group>"; };
		84387BE61DA2D38D001482EF /* PeoplePresenter.swift */ = {isa = PBXFileReference; fileEncoding = 4; lastKnownFileType = sourcecode.swift; path = PeoplePresenter.swift; sourceTree = "<group>"; };
		84387BE81DA2D3DF001482EF /* PeopleViewModel.swift */ = {isa = PBXFileReference; fileEncoding = 4; lastKnownFileType = sourcecode.swift; path = PeopleViewModel.swift; sourceTree = "<group>"; };
		84387BEA1DA2D406001482EF /* PeopleConfigurator.swift */ = {isa = PBXFileReference; fileEncoding = 4; lastKnownFileType = sourcecode.swift; path = PeopleConfigurator.swift; sourceTree = "<group>"; };
		846DC9701DA2BEB000B05AC8 /* PeopleEntryCell.swift */ = {isa = PBXFileReference; fileEncoding = 4; lastKnownFileType = sourcecode.swift; path = PeopleEntryCell.swift; sourceTree = "<group>"; };
		846DC9711DA2BEB000B05AC8 /* PeopleEntryCell.xib */ = {isa = PBXFileReference; fileEncoding = 4; lastKnownFileType = file.xib; path = PeopleEntryCell.xib; sourceTree = "<group>"; };
		846DC9841DA2C95F00B05AC8 /* PeopleHeaderCell.swift */ = {isa = PBXFileReference; fileEncoding = 4; lastKnownFileType = sourcecode.swift; path = PeopleHeaderCell.swift; sourceTree = "<group>"; };
		846DC9851DA2C95F00B05AC8 /* PeopleHeaderCell.xib */ = {isa = PBXFileReference; fileEncoding = 4; lastKnownFileType = file.xib; path = PeopleHeaderCell.xib; sourceTree = "<group>"; };
		846DC9881DA2CDC100B05AC8 /* PeopleInteractor.swift */ = {isa = PBXFileReference; fileEncoding = 4; lastKnownFileType = sourcecode.swift; path = PeopleInteractor.swift; sourceTree = "<group>"; };
		84824D7E1DAE81E400D176BA /* PeopleService.swift */ = {isa = PBXFileReference; fileEncoding = 4; lastKnownFileType = sourcecode.swift; path = PeopleService.swift; sourceTree = "<group>"; };
		84A157C11DA588A400B460FF /* Base */ = {isa = PBXFileReference; lastKnownFileType = file.storyboard; name = Base; path = Faghelgapp/Base.lproj/Main.storyboard; sourceTree = SOURCE_ROOT; };
		9F25AFA31DA2ABFB00488CA6 /* ProgramService.swift */ = {isa = PBXFileReference; fileEncoding = 4; lastKnownFileType = sourcecode.swift; path = ProgramService.swift; sourceTree = "<group>"; };
		9F25AFA61DA2ACCD00488CA6 /* HTTPClient.swift */ = {isa = PBXFileReference; fileEncoding = 4; lastKnownFileType = sourcecode.swift; path = HTTPClient.swift; sourceTree = "<group>"; };
		9F25AFA81DA2ACF400488CA6 /* Config.swift */ = {isa = PBXFileReference; fileEncoding = 4; lastKnownFileType = sourcecode.swift; path = Config.swift; sourceTree = "<group>"; };
		9F25AFAA1DA2AD0E00488CA6 /* SeededURLSession.swift */ = {isa = PBXFileReference; fileEncoding = 4; lastKnownFileType = sourcecode.swift; path = SeededURLSession.swift; sourceTree = "<group>"; };
		9F25AFAC1DA2AD2900488CA6 /* SeededDataTask.swift */ = {isa = PBXFileReference; fileEncoding = 4; lastKnownFileType = sourcecode.swift; path = SeededDataTask.swift; sourceTree = "<group>"; };
		9F25AFAF1DA2ADA300488CA6 /* Logger.swift */ = {isa = PBXFileReference; fileEncoding = 4; lastKnownFileType = sourcecode.swift; path = Logger.swift; sourceTree = "<group>"; };
		9F25AFB11DA2AE2900488CA6 /* Constants.swift */ = {isa = PBXFileReference; fileEncoding = 4; lastKnownFileType = sourcecode.swift; path = Constants.swift; sourceTree = "<group>"; };
		9F25AFB41DA2AF6D00488CA6 /* Program.swift */ = {isa = PBXFileReference; fileEncoding = 4; lastKnownFileType = sourcecode.swift; path = Program.swift; sourceTree = "<group>"; };
		9F25AFB61DA2B04E00488CA6 /* Event.swift */ = {isa = PBXFileReference; fileEncoding = 4; lastKnownFileType = sourcecode.swift; path = Event.swift; sourceTree = "<group>"; };
		9F25AFB81DA2B0DE00488CA6 /* Person.swift */ = {isa = PBXFileReference; fileEncoding = 4; lastKnownFileType = sourcecode.swift; path = Person.swift; sourceTree = "<group>"; };
		9F25AFBB1DA2B91600488CA6 /* Date+WeekDay.swift */ = {isa = PBXFileReference; fileEncoding = 4; lastKnownFileType = sourcecode.swift; path = "Date+WeekDay.swift"; sourceTree = "<group>"; };
		9F25AFBD1DA2BF7300488CA6 /* Date+Format.swift */ = {isa = PBXFileReference; fileEncoding = 4; lastKnownFileType = sourcecode.swift; path = "Date+Format.swift"; sourceTree = "<group>"; };
		9F5DC4AA1DB16D87001FDCD2 /* EventsViewController.swift */ = {isa = PBXFileReference; fileEncoding = 4; lastKnownFileType = sourcecode.swift; path = EventsViewController.swift; sourceTree = "<group>"; };
		9F5DC4AC1DB16E43001FDCD2 /* EventPageViewController.swift */ = {isa = PBXFileReference; fileEncoding = 4; lastKnownFileType = sourcecode.swift; path = EventPageViewController.swift; sourceTree = "<group>"; };
		9F5DC4AE1DB16F68001FDCD2 /* EventViewController.swift */ = {isa = PBXFileReference; fileEncoding = 4; lastKnownFileType = sourcecode.swift; path = EventViewController.swift; sourceTree = "<group>"; };
		9F5DC4B01DB173D3001FDCD2 /* EventView.xib */ = {isa = PBXFileReference; fileEncoding = 4; lastKnownFileType = file.xib; path = EventView.xib; sourceTree = "<group>"; };
		9FCF1BDF1DAEB93000F6A3D5 /* EventScrollerView.swift */ = {isa = PBXFileReference; fileEncoding = 4; lastKnownFileType = sourcecode.swift; path = EventScrollerView.swift; sourceTree = "<group>"; };
		9FCF1BE11DAEB93A00F6A3D5 /* EventScrollerView.xib */ = {isa = PBXFileReference; fileEncoding = 4; lastKnownFileType = file.xib; path = EventScrollerView.xib; sourceTree = "<group>"; };
		9FCF1BE41DAEBAA900F6A3D5 /* EventScrollerCell.swift */ = {isa = PBXFileReference; fileEncoding = 4; lastKnownFileType = sourcecode.swift; path = EventScrollerCell.swift; sourceTree = "<group>"; };
		9FEB719D1D9ACCAE00BBFA54 /* ProgramView.swift */ = {isa = PBXFileReference; fileEncoding = 4; lastKnownFileType = sourcecode.swift; name = ProgramView.swift; path = Faghelgapp/Views/ProgramView.swift; sourceTree = SOURCE_ROOT; };
		9FEB719F1D9ACCB700BBFA54 /* ProgramView.xib */ = {isa = PBXFileReference; fileEncoding = 4; lastKnownFileType = file.xib; name = ProgramView.xib; path = Faghelgapp/Views/ProgramView.xib; sourceTree = SOURCE_ROOT; };
		9FEB71A21D9ACD1200BBFA54 /* NibLoadingView.swift */ = {isa = PBXFileReference; fileEncoding = 4; lastKnownFileType = sourcecode.swift; path = NibLoadingView.swift; sourceTree = "<group>"; };
		9FEB71A41D9ACD7D00BBFA54 /* ProgramViewController.swift */ = {isa = PBXFileReference; fileEncoding = 4; lastKnownFileType = sourcecode.swift; path = ProgramViewController.swift; sourceTree = "<group>"; };
		9FEB71A71D9ACDF300BBFA54 /* PeopleView.swift */ = {isa = PBXFileReference; fileEncoding = 4; lastKnownFileType = sourcecode.swift; path = PeopleView.swift; sourceTree = "<group>"; };
		9FEB71A91D9ACDFE00BBFA54 /* PeopleView.xib */ = {isa = PBXFileReference; fileEncoding = 4; lastKnownFileType = file.xib; path = PeopleView.xib; sourceTree = "<group>"; };
		9FEB71AC1D9AD0FD00BBFA54 /* ProgramEntryCell.swift */ = {isa = PBXFileReference; fileEncoding = 4; lastKnownFileType = sourcecode.swift; path = ProgramEntryCell.swift; sourceTree = "<group>"; };
		9FEB71AE1D9AD10600BBFA54 /* ProgramEntryCell.xib */ = {isa = PBXFileReference; fileEncoding = 4; lastKnownFileType = file.xib; path = ProgramEntryCell.xib; sourceTree = "<group>"; };
		9FEB71B01D9AD2E800BBFA54 /* PeopleViewController.swift */ = {isa = PBXFileReference; fileEncoding = 4; lastKnownFileType = sourcecode.swift; path = PeopleViewController.swift; sourceTree = "<group>"; };
		9FEB71B31D9AE94D00BBFA54 /* Day.swift */ = {isa = PBXFileReference; fileEncoding = 4; lastKnownFileType = sourcecode.swift; path = Day.swift; sourceTree = "<group>"; };
		9FEB71B61D9AEBEE00BBFA54 /* ProgramInteractor.swift */ = {isa = PBXFileReference; fileEncoding = 4; lastKnownFileType = sourcecode.swift; path = ProgramInteractor.swift; sourceTree = "<group>"; };
		9FEB71B91D9AEC6500BBFA54 /* ProgramPresenter.swift */ = {isa = PBXFileReference; fileEncoding = 4; lastKnownFileType = sourcecode.swift; path = ProgramPresenter.swift; sourceTree = "<group>"; };
		9FEB71BC1D9AECEF00BBFA54 /* ProgramViewModel.swift */ = {isa = PBXFileReference; fileEncoding = 4; lastKnownFileType = sourcecode.swift; path = ProgramViewModel.swift; sourceTree = "<group>"; };
		9FEB71BF1D9AEE5200BBFA54 /* ProgramConfigurator.swift */ = {isa = PBXFileReference; fileEncoding = 4; lastKnownFileType = sourcecode.swift; path = ProgramConfigurator.swift; sourceTree = "<group>"; };
		9FEC6A011DAE8B8500EA1D1C /* Roboto-Black.ttf */ = {isa = PBXFileReference; lastKnownFileType = file; path = "Roboto-Black.ttf"; sourceTree = "<group>"; };
		9FEC6A021DAE8B8500EA1D1C /* Roboto-BlackItalic.ttf */ = {isa = PBXFileReference; lastKnownFileType = file; path = "Roboto-BlackItalic.ttf"; sourceTree = "<group>"; };
		9FEC6A031DAE8B8500EA1D1C /* Roboto-Bold.ttf */ = {isa = PBXFileReference; lastKnownFileType = file; path = "Roboto-Bold.ttf"; sourceTree = "<group>"; };
		9FEC6A041DAE8B8500EA1D1C /* Roboto-BoldItalic.ttf */ = {isa = PBXFileReference; lastKnownFileType = file; path = "Roboto-BoldItalic.ttf"; sourceTree = "<group>"; };
		9FEC6A051DAE8B8500EA1D1C /* Roboto-Italic.ttf */ = {isa = PBXFileReference; lastKnownFileType = file; path = "Roboto-Italic.ttf"; sourceTree = "<group>"; };
		9FEC6A061DAE8B8500EA1D1C /* Roboto-Light.ttf */ = {isa = PBXFileReference; lastKnownFileType = file; path = "Roboto-Light.ttf"; sourceTree = "<group>"; };
		9FEC6A071DAE8B8500EA1D1C /* Roboto-LightItalic.ttf */ = {isa = PBXFileReference; lastKnownFileType = file; path = "Roboto-LightItalic.ttf"; sourceTree = "<group>"; };
		9FEC6A081DAE8B8500EA1D1C /* Roboto-Medium.ttf */ = {isa = PBXFileReference; lastKnownFileType = file; path = "Roboto-Medium.ttf"; sourceTree = "<group>"; };
		9FEC6A091DAE8B8500EA1D1C /* Roboto-MediumItalic.ttf */ = {isa = PBXFileReference; lastKnownFileType = file; path = "Roboto-MediumItalic.ttf"; sourceTree = "<group>"; };
		9FEC6A0A1DAE8B8500EA1D1C /* Roboto-Regular.ttf */ = {isa = PBXFileReference; lastKnownFileType = file; path = "Roboto-Regular.ttf"; sourceTree = "<group>"; };
		9FEC6A0B1DAE8B8500EA1D1C /* Roboto-Thin.ttf */ = {isa = PBXFileReference; lastKnownFileType = file; path = "Roboto-Thin.ttf"; sourceTree = "<group>"; };
		9FEC6A0C1DAE8B8500EA1D1C /* Roboto-ThinItalic.ttf */ = {isa = PBXFileReference; lastKnownFileType = file; path = "Roboto-ThinItalic.ttf"; sourceTree = "<group>"; };
		9FEC6A1A1DAE8CF500EA1D1C /* EventView.swift */ = {isa = PBXFileReference; fileEncoding = 4; lastKnownFileType = sourcecode.swift; path = EventView.swift; sourceTree = "<group>"; };
		9FEC6A1C1DAE8D3400EA1D1C /* EventScrollerCell.xib */ = {isa = PBXFileReference; fileEncoding = 4; lastKnownFileType = file.xib; name = EventScrollerCell.xib; path = ../../Event/EventScrollerCell.xib; sourceTree = "<group>"; };
		9FEC6A1F1DAE963000EA1D1C /* ProgramRouter.swift */ = {isa = PBXFileReference; fileEncoding = 4; lastKnownFileType = sourcecode.swift; path = ProgramRouter.swift; sourceTree = "<group>"; };
		B15D59511DB68C0E00750260 /* PersonView.swift */ = {isa = PBXFileReference; fileEncoding = 4; lastKnownFileType = sourcecode.swift; path = PersonView.swift; sourceTree = "<group>"; };
		B15D59531DB68C3700750260 /* PersonView.xib */ = {isa = PBXFileReference; fileEncoding = 4; lastKnownFileType = file.xib; path = PersonView.xib; sourceTree = "<group>"; };
		B15D59551DB697B300750260 /* PersonViewController.swift */ = {isa = PBXFileReference; fileEncoding = 4; lastKnownFileType = sourcecode.swift; path = PersonViewController.swift; sourceTree = "<group>"; };
		B15D59571DB69EA800750260 /* PeopleRouter.swift */ = {isa = PBXFileReference; fileEncoding = 4; lastKnownFileType = sourcecode.swift; path = PeopleRouter.swift; sourceTree = "<group>"; };
		B192B5961D9AC9A200C8B9C2 /* Faghelgapp.app */ = {isa = PBXFileReference; explicitFileType = wrapper.application; includeInIndex = 0; path = Faghelgapp.app; sourceTree = BUILT_PRODUCTS_DIR; };
		B192B5991D9AC9A200C8B9C2 /* AppDelegate.swift */ = {isa = PBXFileReference; lastKnownFileType = sourcecode.swift; path = AppDelegate.swift; sourceTree = "<group>"; };
		B192B5A01D9AC9A200C8B9C2 /* Assets.xcassets */ = {isa = PBXFileReference; lastKnownFileType = folder.assetcatalog; path = Assets.xcassets; sourceTree = "<group>"; };
		B192B5A31D9AC9A200C8B9C2 /* Base */ = {isa = PBXFileReference; lastKnownFileType = file.storyboard; name = Base; path = Base.lproj/LaunchScreen.storyboard; sourceTree = "<group>"; };
		B192B5A51D9AC9A200C8B9C2 /* Info.plist */ = {isa = PBXFileReference; lastKnownFileType = text.plist.xml; path = Info.plist; sourceTree = "<group>"; };
		B192B5AA1D9AC9A200C8B9C2 /* FaghelgappTests.xctest */ = {isa = PBXFileReference; explicitFileType = wrapper.cfbundle; includeInIndex = 0; path = FaghelgappTests.xctest; sourceTree = BUILT_PRODUCTS_DIR; };
		B192B5AE1D9AC9A200C8B9C2 /* FaghelgappTests.swift */ = {isa = PBXFileReference; lastKnownFileType = sourcecode.swift; path = FaghelgappTests.swift; sourceTree = "<group>"; };
		B192B5B01D9AC9A200C8B9C2 /* Info.plist */ = {isa = PBXFileReference; lastKnownFileType = text.plist.xml; path = Info.plist; sourceTree = "<group>"; };
		CD2D24CA29C7CA7FDB04833B /* Pods-FaghelgappTests.debug.xcconfig */ = {isa = PBXFileReference; includeInIndex = 1; lastKnownFileType = text.xcconfig; name = "Pods-FaghelgappTests.debug.xcconfig"; path = "Pods/Target Support Files/Pods-FaghelgappTests/Pods-FaghelgappTests.debug.xcconfig"; sourceTree = "<group>"; };
		D445080685542BFDD16F65C9 /* Pods_Faghelgapp.framework */ = {isa = PBXFileReference; explicitFileType = wrapper.framework; includeInIndex = 0; path = Pods_Faghelgapp.framework; sourceTree = BUILT_PRODUCTS_DIR; };
/* End PBXFileReference section */

/* Begin PBXFrameworksBuildPhase section */
		B192B5931D9AC9A200C8B9C2 /* Frameworks */ = {
			isa = PBXFrameworksBuildPhase;
			buildActionMask = 2147483647;
			files = (
				F282C3126DA1F03752C791B9 /* Pods_Faghelgapp.framework in Frameworks */,
			);
			runOnlyForDeploymentPostprocessing = 0;
		};
		B192B5A71D9AC9A200C8B9C2 /* Frameworks */ = {
			isa = PBXFrameworksBuildPhase;
			buildActionMask = 2147483647;
			files = (
				1F8B5060BDFFE7DB6FC4AA8C /* Pods_FaghelgappTests.framework in Frameworks */,
			);
			runOnlyForDeploymentPostprocessing = 0;
		};
/* End PBXFrameworksBuildPhase section */

/* Begin PBXGroup section */
		846DC9671DA2B9BA00B05AC8 /* PeopleEntryCell */ = {
			isa = PBXGroup;
			children = (
				846DC9701DA2BEB000B05AC8 /* PeopleEntryCell.swift */,
				846DC9711DA2BEB000B05AC8 /* PeopleEntryCell.xib */,
			);
			path = PeopleEntryCell;
			sourceTree = "<group>";
		};
		846DC9831DA2C95F00B05AC8 /* PeopleHeaderCell */ = {
			isa = PBXGroup;
			children = (
				846DC9841DA2C95F00B05AC8 /* PeopleHeaderCell.swift */,
				846DC9851DA2C95F00B05AC8 /* PeopleHeaderCell.xib */,
			);
			path = PeopleHeaderCell;
			sourceTree = "<group>";
		};
		9F25AFA21DA2ABCD00488CA6 /* Services */ = {
			isa = PBXGroup;
			children = (
				9F25AFA31DA2ABFB00488CA6 /* ProgramService.swift */,
				84824D7E1DAE81E400D176BA /* PeopleService.swift */,
			);
			path = Services;
			sourceTree = "<group>";
		};
		9F25AFA51DA2ACB200488CA6 /* Network */ = {
			isa = PBXGroup;
			children = (
				9F25AFA61DA2ACCD00488CA6 /* HTTPClient.swift */,
				9F25AFA81DA2ACF400488CA6 /* Config.swift */,
				9F25AFAA1DA2AD0E00488CA6 /* SeededURLSession.swift */,
				9F25AFAC1DA2AD2900488CA6 /* SeededDataTask.swift */,
			);
			path = Network;
			sourceTree = "<group>";
		};
		9F25AFAE1DA2AD9200488CA6 /* Utils */ = {
			isa = PBXGroup;
			children = (
				9F25AFAF1DA2ADA300488CA6 /* Logger.swift */,
			);
			path = Utils;
			sourceTree = "<group>";
		};
		9F25AFB31DA2AF5900488CA6 /* Models */ = {
			isa = PBXGroup;
			children = (
				9F25AFB41DA2AF6D00488CA6 /* Program.swift */,
				9F25AFB61DA2B04E00488CA6 /* Event.swift */,
				9F25AFB81DA2B0DE00488CA6 /* Person.swift */,
			);
			path = Models;
			sourceTree = "<group>";
		};
		9F25AFBA1DA2B8FF00488CA6 /* Extensions */ = {
			isa = PBXGroup;
			children = (
				9F25AFBB1DA2B91600488CA6 /* Date+WeekDay.swift */,
				9F25AFBD1DA2BF7300488CA6 /* Date+Format.swift */,
			);
			path = Extensions;
			sourceTree = "<group>";
		};
		9FCF1BDE1DAEB90E00F6A3D5 /* EventScrollerView */ = {
			isa = PBXGroup;
			children = (
				9FCF1BE31DAEBA7E00F6A3D5 /* EventScrollerCell */,
				9FCF1BDF1DAEB93000F6A3D5 /* EventScrollerView.swift */,
				9FCF1BE11DAEB93A00F6A3D5 /* EventScrollerView.xib */,
			);
			name = EventScrollerView;
			path = EventScroller;
			sourceTree = "<group>";
		};
		9FCF1BE31DAEBA7E00F6A3D5 /* EventScrollerCell */ = {
			isa = PBXGroup;
			children = (
				9FCF1BE41DAEBAA900F6A3D5 /* EventScrollerCell.swift */,
				9FEC6A1C1DAE8D3400EA1D1C /* EventScrollerCell.xib */,
			);
			path = EventScrollerCell;
			sourceTree = "<group>";
		};
		9FEB719A1D9ACC2300BBFA54 /* Storyboards */ = {
			isa = PBXGroup;
			children = (
				84A157C01DA588A400B460FF /* Main.storyboard */,
			);
			path = Storyboards;
			sourceTree = "<group>";
		};
		9FEB719B1D9ACC6D00BBFA54 /* ViewControllers */ = {
			isa = PBXGroup;
			children = (
				9FEB71A41D9ACD7D00BBFA54 /* ProgramViewController.swift */,
				9FEB71B01D9AD2E800BBFA54 /* PeopleViewController.swift */,
				B15D59551DB697B300750260 /* PersonViewController.swift */,
				9F5DC4AA1DB16D87001FDCD2 /* EventsViewController.swift */,
				9F5DC4AC1DB16E43001FDCD2 /* EventPageViewController.swift */,
				9F5DC4AE1DB16F68001FDCD2 /* EventViewController.swift */,
			);
			path = ViewControllers;
			sourceTree = "<group>";
		};
		9FEB719C1D9ACC8700BBFA54 /* Views */ = {
			isa = PBXGroup;
			children = (
				B15D59501DB68BD200750260 /* PersonView */,
				9FEB71A61D9ACDD500BBFA54 /* PeopleView */,
				9FEB71A11D9ACCE400BBFA54 /* ProgramView */,
				9FEC6A191DAE8CDD00EA1D1C /* EventView */,
				9FCF1BDE1DAEB90E00F6A3D5 /* EventScrollerView */,
				9FEB71A21D9ACD1200BBFA54 /* NibLoadingView.swift */,
			);
			path = Views;
			sourceTree = "<group>";
		};
		9FEB71A11D9ACCE400BBFA54 /* ProgramView */ = {
			isa = PBXGroup;
			children = (
				9FEB71AB1D9AD0D500BBFA54 /* ProgramEntryCell */,
				9FEB719D1D9ACCAE00BBFA54 /* ProgramView.swift */,
				9FEB719F1D9ACCB700BBFA54 /* ProgramView.xib */,
			);
			path = ProgramView;
			sourceTree = "<group>";
		};
		9FEB71A61D9ACDD500BBFA54 /* PeopleView */ = {
			isa = PBXGroup;
			children = (
				846DC9831DA2C95F00B05AC8 /* PeopleHeaderCell */,
				846DC9671DA2B9BA00B05AC8 /* PeopleEntryCell */,
				9FEB71A71D9ACDF300BBFA54 /* PeopleView.swift */,
				9FEB71A91D9ACDFE00BBFA54 /* PeopleView.xib */,
			);
			path = PeopleView;
			sourceTree = "<group>";
		};
		9FEB71AB1D9AD0D500BBFA54 /* ProgramEntryCell */ = {
			isa = PBXGroup;
			children = (
				9FEB71AC1D9AD0FD00BBFA54 /* ProgramEntryCell.swift */,
				9FEB71AE1D9AD10600BBFA54 /* ProgramEntryCell.xib */,
			);
			path = ProgramEntryCell;
			sourceTree = "<group>";
		};
		9FEB71B21D9AE93200BBFA54 /* Enums */ = {
			isa = PBXGroup;
			children = (
				9FEB71B31D9AE94D00BBFA54 /* Day.swift */,
			);
			path = Enums;
			sourceTree = "<group>";
		};
		9FEB71B51D9AEBD000BBFA54 /* Interactors */ = {
			isa = PBXGroup;
			children = (
				9FEB71B61D9AEBEE00BBFA54 /* ProgramInteractor.swift */,
				846DC9881DA2CDC100B05AC8 /* PeopleInteractor.swift */,
			);
			path = Interactors;
			sourceTree = "<group>";
		};
		9FEB71B81D9AEC4F00BBFA54 /* Presenters */ = {
			isa = PBXGroup;
			children = (
				9FEB71B91D9AEC6500BBFA54 /* ProgramPresenter.swift */,
				84387BE61DA2D38D001482EF /* PeoplePresenter.swift */,
			);
			path = Presenters;
			sourceTree = "<group>";
		};
		9FEB71BB1D9AECCD00BBFA54 /* ViewModels */ = {
			isa = PBXGroup;
			children = (
				9FEB71BC1D9AECEF00BBFA54 /* ProgramViewModel.swift */,
				84387BE81DA2D3DF001482EF /* PeopleViewModel.swift */,
			);
			path = ViewModels;
			sourceTree = "<group>";
		};
		9FEB71BE1D9AEE3700BBFA54 /* Configurators */ = {
			isa = PBXGroup;
			children = (
				9FEB71BF1D9AEE5200BBFA54 /* ProgramConfigurator.swift */,
				84387BEA1DA2D406001482EF /* PeopleConfigurator.swift */,
			);
			path = Configurators;
			sourceTree = "<group>";
		};
		9FEC6A001DAE8B4D00EA1D1C /* Fonts */ = {
			isa = PBXGroup;
			children = (
				9FEC6A011DAE8B8500EA1D1C /* Roboto-Black.ttf */,
				9FEC6A021DAE8B8500EA1D1C /* Roboto-BlackItalic.ttf */,
				9FEC6A031DAE8B8500EA1D1C /* Roboto-Bold.ttf */,
				9FEC6A041DAE8B8500EA1D1C /* Roboto-BoldItalic.ttf */,
				9FEC6A051DAE8B8500EA1D1C /* Roboto-Italic.ttf */,
				9FEC6A061DAE8B8500EA1D1C /* Roboto-Light.ttf */,
				9FEC6A071DAE8B8500EA1D1C /* Roboto-LightItalic.ttf */,
				9FEC6A081DAE8B8500EA1D1C /* Roboto-Medium.ttf */,
				9FEC6A091DAE8B8500EA1D1C /* Roboto-MediumItalic.ttf */,
				9FEC6A0A1DAE8B8500EA1D1C /* Roboto-Regular.ttf */,
				9FEC6A0B1DAE8B8500EA1D1C /* Roboto-Thin.ttf */,
				9FEC6A0C1DAE8B8500EA1D1C /* Roboto-ThinItalic.ttf */,
			);
			path = Fonts;
			sourceTree = "<group>";
		};
		9FEC6A191DAE8CDD00EA1D1C /* EventView */ = {
			isa = PBXGroup;
			children = (
				9FEC6A1A1DAE8CF500EA1D1C /* EventView.swift */,
				9F5DC4B01DB173D3001FDCD2 /* EventView.xib */,
			);
			name = EventView;
			path = Event;
			sourceTree = "<group>";
		};
		9FEC6A1E1DAE961A00EA1D1C /* Routers */ = {
			isa = PBXGroup;
			children = (
				9FEC6A1F1DAE963000EA1D1C /* ProgramRouter.swift */,
				B15D59571DB69EA800750260 /* PeopleRouter.swift */,
			);
			path = Routers;
			sourceTree = "<group>";
		};
		AC68E73D3C13F147BB819417 /* Pods */ = {
			isa = PBXGroup;
			children = (
				32452F3C2530CF3E4413DD5C /* Pods-Faghelgapp.debug.xcconfig */,
				7B44F67761C6C29BE29B3E52 /* Pods-Faghelgapp.release.xcconfig */,
				CD2D24CA29C7CA7FDB04833B /* Pods-FaghelgappTests.debug.xcconfig */,
				0AAE2BEED2A4853F25553F07 /* Pods-FaghelgappTests.release.xcconfig */,
			);
			name = Pods;
			sourceTree = "<group>";
		};
		B15D59501DB68BD200750260 /* PersonView */ = {
			isa = PBXGroup;
			children = (
				B15D59511DB68C0E00750260 /* PersonView.swift */,
				B15D59531DB68C3700750260 /* PersonView.xib */,
			);
			path = PersonView;
			sourceTree = "<group>";
		};
		B192B58D1D9AC9A200C8B9C2 = {
			isa = PBXGroup;
			children = (
				B192B5981D9AC9A200C8B9C2 /* Faghelgapp */,
				B192B5AD1D9AC9A200C8B9C2 /* FaghelgappTests */,
				B192B5971D9AC9A200C8B9C2 /* Products */,
				AC68E73D3C13F147BB819417 /* Pods */,
				DDFC3D08168E12F909594D5E /* Frameworks */,
			);
			sourceTree = "<group>";
		};
		B192B5971D9AC9A200C8B9C2 /* Products */ = {
			isa = PBXGroup;
			children = (
				B192B5961D9AC9A200C8B9C2 /* Faghelgapp.app */,
				B192B5AA1D9AC9A200C8B9C2 /* FaghelgappTests.xctest */,
			);
			name = Products;
			sourceTree = "<group>";
		};
		B192B5981D9AC9A200C8B9C2 /* Faghelgapp */ = {
			isa = PBXGroup;
			children = (
				B192B5991D9AC9A200C8B9C2 /* AppDelegate.swift */,
				B192B5A01D9AC9A200C8B9C2 /* Assets.xcassets */,
				B192B5A21D9AC9A200C8B9C2 /* LaunchScreen.storyboard */,
				B192B5A51D9AC9A200C8B9C2 /* Info.plist */,
				9F25AFB11DA2AE2900488CA6 /* Constants.swift */,
				9FEB719A1D9ACC2300BBFA54 /* Storyboards */,
				9FEB71B51D9AEBD000BBFA54 /* Interactors */,
				9FEC6A1E1DAE961A00EA1D1C /* Routers */,
				9F25AFA21DA2ABCD00488CA6 /* Services */,
				9FEB71B81D9AEC4F00BBFA54 /* Presenters */,
				9FEB71BB1D9AECCD00BBFA54 /* ViewModels */,
				9F25AFB31DA2AF5900488CA6 /* Models */,
				9FEB71BE1D9AEE3700BBFA54 /* Configurators */,
				9F25AFBA1DA2B8FF00488CA6 /* Extensions */,
				9F25AFA51DA2ACB200488CA6 /* Network */,
				9FEB71B21D9AE93200BBFA54 /* Enums */,
				9F25AFAE1DA2AD9200488CA6 /* Utils */,
				9FEB719C1D9ACC8700BBFA54 /* Views */,
				9FEB719B1D9ACC6D00BBFA54 /* ViewControllers */,
				9FEC6A001DAE8B4D00EA1D1C /* Fonts */,
			);
			path = Faghelgapp;
			sourceTree = "<group>";
		};
		B192B5AD1D9AC9A200C8B9C2 /* FaghelgappTests */ = {
			isa = PBXGroup;
			children = (
				B192B5AE1D9AC9A200C8B9C2 /* FaghelgappTests.swift */,
				B192B5B01D9AC9A200C8B9C2 /* Info.plist */,
			);
			path = FaghelgappTests;
			sourceTree = "<group>";
		};
		DDFC3D08168E12F909594D5E /* Frameworks */ = {
			isa = PBXGroup;
			children = (
				D445080685542BFDD16F65C9 /* Pods_Faghelgapp.framework */,
				544BC935E3966EC9C83606CA /* Pods_FaghelgappTests.framework */,
			);
			name = Frameworks;
			sourceTree = "<group>";
		};
/* End PBXGroup section */

/* Begin PBXNativeTarget section */
		B192B5951D9AC9A200C8B9C2 /* Faghelgapp */ = {
			isa = PBXNativeTarget;
			buildConfigurationList = B192B5B31D9AC9A200C8B9C2 /* Build configuration list for PBXNativeTarget "Faghelgapp" */;
			buildPhases = (
				B7CA4F7D15FD0A455F59E384 /* [CP] Check Pods Manifest.lock */,
				B192B5921D9AC9A200C8B9C2 /* Sources */,
				B192B5931D9AC9A200C8B9C2 /* Frameworks */,
				B192B5941D9AC9A200C8B9C2 /* Resources */,
				F2CFACF09EDDF74C30909624 /* [CP] Embed Pods Frameworks */,
				1103B2F8D4038E3A5403087E /* [CP] Copy Pods Resources */,
			);
			buildRules = (
			);
			dependencies = (
			);
			name = Faghelgapp;
			productName = Faghelgapp;
			productReference = B192B5961D9AC9A200C8B9C2 /* Faghelgapp.app */;
			productType = "com.apple.product-type.application";
		};
		B192B5A91D9AC9A200C8B9C2 /* FaghelgappTests */ = {
			isa = PBXNativeTarget;
			buildConfigurationList = B192B5B61D9AC9A200C8B9C2 /* Build configuration list for PBXNativeTarget "FaghelgappTests" */;
			buildPhases = (
				D45F7F037DF4EF853116DE27 /* [CP] Check Pods Manifest.lock */,
				B192B5A61D9AC9A200C8B9C2 /* Sources */,
				B192B5A71D9AC9A200C8B9C2 /* Frameworks */,
				B192B5A81D9AC9A200C8B9C2 /* Resources */,
				624031762109C80AE3932440 /* [CP] Embed Pods Frameworks */,
				F41874CB2670AE854C31F6B3 /* [CP] Copy Pods Resources */,
			);
			buildRules = (
			);
			dependencies = (
				B192B5AC1D9AC9A200C8B9C2 /* PBXTargetDependency */,
			);
			name = FaghelgappTests;
			productName = FaghelgappTests;
			productReference = B192B5AA1D9AC9A200C8B9C2 /* FaghelgappTests.xctest */;
			productType = "com.apple.product-type.bundle.unit-test";
		};
/* End PBXNativeTarget section */

/* Begin PBXProject section */
		B192B58E1D9AC9A200C8B9C2 /* Project object */ = {
			isa = PBXProject;
			attributes = {
				LastSwiftUpdateCheck = 0800;
				LastUpgradeCheck = 0800;
				ORGANIZATIONNAME = "Idar Vassdal";
				TargetAttributes = {
					B192B5951D9AC9A200C8B9C2 = {
						CreatedOnToolsVersion = 8.0;
						ProvisioningStyle = Automatic;
					};
					B192B5A91D9AC9A200C8B9C2 = {
						CreatedOnToolsVersion = 8.0;
						ProvisioningStyle = Automatic;
						TestTargetID = B192B5951D9AC9A200C8B9C2;
					};
				};
			};
			buildConfigurationList = B192B5911D9AC9A200C8B9C2 /* Build configuration list for PBXProject "Faghelgapp" */;
			compatibilityVersion = "Xcode 3.2";
			developmentRegion = English;
			hasScannedForEncodings = 0;
			knownRegions = (
				en,
				Base,
			);
			mainGroup = B192B58D1D9AC9A200C8B9C2;
			productRefGroup = B192B5971D9AC9A200C8B9C2 /* Products */;
			projectDirPath = "";
			projectRoot = "";
			targets = (
				B192B5951D9AC9A200C8B9C2 /* Faghelgapp */,
				B192B5A91D9AC9A200C8B9C2 /* FaghelgappTests */,
			);
		};
/* End PBXProject section */

/* Begin PBXResourcesBuildPhase section */
		B192B5941D9AC9A200C8B9C2 /* Resources */ = {
			isa = PBXResourcesBuildPhase;
			buildActionMask = 2147483647;
			files = (
				9FEC6A1D1DAE8D3400EA1D1C /* EventScrollerCell.xib in Resources */,
				B15D59541DB68C3700750260 /* PersonView.xib in Resources */,
				9FEC6A0D1DAE8BA000EA1D1C /* Roboto-Black.ttf in Resources */,
				9FEC6A0E1DAE8BA000EA1D1C /* Roboto-BlackItalic.ttf in Resources */,
				9FEC6A0F1DAE8BA000EA1D1C /* Roboto-Bold.ttf in Resources */,
				9FEC6A101DAE8BA000EA1D1C /* Roboto-BoldItalic.ttf in Resources */,
				9FEC6A111DAE8BA000EA1D1C /* Roboto-Italic.ttf in Resources */,
				9FEC6A121DAE8BA000EA1D1C /* Roboto-Light.ttf in Resources */,
				9FEC6A131DAE8BA000EA1D1C /* Roboto-LightItalic.ttf in Resources */,
				9FEC6A141DAE8BA000EA1D1C /* Roboto-Medium.ttf in Resources */,
				9FEC6A151DAE8BA000EA1D1C /* Roboto-MediumItalic.ttf in Resources */,
				9FEC6A161DAE8BA000EA1D1C /* Roboto-Regular.ttf in Resources */,
				9FEC6A171DAE8BA000EA1D1C /* Roboto-Thin.ttf in Resources */,
				9FEC6A181DAE8BA000EA1D1C /* Roboto-ThinItalic.ttf in Resources */,
				B192B5A41D9AC9A200C8B9C2 /* LaunchScreen.storyboard in Resources */,
				B192B5A11D9AC9A200C8B9C2 /* Assets.xcassets in Resources */,
				846DC9731DA2BEB000B05AC8 /* PeopleEntryCell.xib in Resources */,
				84A157C21DA588A400B460FF /* Main.storyboard in Resources */,
				9FCF1BE21DAEB93A00F6A3D5 /* EventScrollerView.xib in Resources */,
				9F5DC4B11DB173D3001FDCD2 /* EventView.xib in Resources */,
				846DC9871DA2C95F00B05AC8 /* PeopleHeaderCell.xib in Resources */,
				9FEB71AA1D9ACDFE00BBFA54 /* PeopleView.xib in Resources */,
				9FEB71AF1D9AD10600BBFA54 /* ProgramEntryCell.xib in Resources */,
				9FEB71A01D9ACCB700BBFA54 /* ProgramView.xib in Resources */,
			);
			runOnlyForDeploymentPostprocessing = 0;
		};
		B192B5A81D9AC9A200C8B9C2 /* Resources */ = {
			isa = PBXResourcesBuildPhase;
			buildActionMask = 2147483647;
			files = (
			);
			runOnlyForDeploymentPostprocessing = 0;
		};
/* End PBXResourcesBuildPhase section */

/* Begin PBXShellScriptBuildPhase section */
		1103B2F8D4038E3A5403087E /* [CP] Copy Pods Resources */ = {
			isa = PBXShellScriptBuildPhase;
			buildActionMask = 2147483647;
			files = (
			);
			inputPaths = (
			);
			name = "[CP] Copy Pods Resources";
			outputPaths = (
			);
			runOnlyForDeploymentPostprocessing = 0;
			shellPath = /bin/sh;
			shellScript = "\"${SRCROOT}/Pods/Target Support Files/Pods-Faghelgapp/Pods-Faghelgapp-resources.sh\"\n";
			showEnvVarsInLog = 0;
		};
		624031762109C80AE3932440 /* [CP] Embed Pods Frameworks */ = {
			isa = PBXShellScriptBuildPhase;
			buildActionMask = 2147483647;
			files = (
			);
			inputPaths = (
			);
			name = "[CP] Embed Pods Frameworks";
			outputPaths = (
			);
			runOnlyForDeploymentPostprocessing = 0;
			shellPath = /bin/sh;
			shellScript = "\"${SRCROOT}/Pods/Target Support Files/Pods-FaghelgappTests/Pods-FaghelgappTests-frameworks.sh\"\n";
			showEnvVarsInLog = 0;
		};
		B7CA4F7D15FD0A455F59E384 /* [CP] Check Pods Manifest.lock */ = {
			isa = PBXShellScriptBuildPhase;
			buildActionMask = 2147483647;
			files = (
			);
			inputPaths = (
			);
			name = "[CP] Check Pods Manifest.lock";
			outputPaths = (
			);
			runOnlyForDeploymentPostprocessing = 0;
			shellPath = /bin/sh;
			shellScript = "diff \"${PODS_ROOT}/../Podfile.lock\" \"${PODS_ROOT}/Manifest.lock\" > /dev/null\nif [[ $? != 0 ]] ; then\n    cat << EOM\nerror: The sandbox is not in sync with the Podfile.lock. Run 'pod install' or update your CocoaPods installation.\nEOM\n    exit 1\nfi\n";
			showEnvVarsInLog = 0;
		};
		D45F7F037DF4EF853116DE27 /* [CP] Check Pods Manifest.lock */ = {
			isa = PBXShellScriptBuildPhase;
			buildActionMask = 2147483647;
			files = (
			);
			inputPaths = (
			);
			name = "[CP] Check Pods Manifest.lock";
			outputPaths = (
			);
			runOnlyForDeploymentPostprocessing = 0;
			shellPath = /bin/sh;
			shellScript = "diff \"${PODS_ROOT}/../Podfile.lock\" \"${PODS_ROOT}/Manifest.lock\" > /dev/null\nif [[ $? != 0 ]] ; then\n    cat << EOM\nerror: The sandbox is not in sync with the Podfile.lock. Run 'pod install' or update your CocoaPods installation.\nEOM\n    exit 1\nfi\n";
			showEnvVarsInLog = 0;
		};
		F2CFACF09EDDF74C30909624 /* [CP] Embed Pods Frameworks */ = {
			isa = PBXShellScriptBuildPhase;
			buildActionMask = 2147483647;
			files = (
			);
			inputPaths = (
			);
			name = "[CP] Embed Pods Frameworks";
			outputPaths = (
			);
			runOnlyForDeploymentPostprocessing = 0;
			shellPath = /bin/sh;
			shellScript = "\"${SRCROOT}/Pods/Target Support Files/Pods-Faghelgapp/Pods-Faghelgapp-frameworks.sh\"\n";
			showEnvVarsInLog = 0;
		};
		F41874CB2670AE854C31F6B3 /* [CP] Copy Pods Resources */ = {
			isa = PBXShellScriptBuildPhase;
			buildActionMask = 2147483647;
			files = (
			);
			inputPaths = (
			);
			name = "[CP] Copy Pods Resources";
			outputPaths = (
			);
			runOnlyForDeploymentPostprocessing = 0;
			shellPath = /bin/sh;
			shellScript = "\"${SRCROOT}/Pods/Target Support Files/Pods-FaghelgappTests/Pods-FaghelgappTests-resources.sh\"\n";
			showEnvVarsInLog = 0;
		};
/* End PBXShellScriptBuildPhase section */

/* Begin PBXSourcesBuildPhase section */
		B192B5921D9AC9A200C8B9C2 /* Sources */ = {
			isa = PBXSourcesBuildPhase;
			buildActionMask = 2147483647;
			files = (
				9F25AFB51DA2AF6D00488CA6 /* Program.swift in Sources */,
				9FCF1BE51DAEBAA900F6A3D5 /* EventScrollerCell.swift in Sources */,
				9F25AFA41DA2ABFB00488CA6 /* ProgramService.swift in Sources */,
				9F25AFB21DA2AE2900488CA6 /* Constants.swift in Sources */,
				9FEB71C01D9AEE5200BBFA54 /* ProgramConfigurator.swift in Sources */,
				9F25AFB91DA2B0DE00488CA6 /* Person.swift in Sources */,
				9F25AFAB1DA2AD0E00488CA6 /* SeededURLSession.swift in Sources */,
				9F25AFBE1DA2BF7300488CA6 /* Date+Format.swift in Sources */,
				9FEC6A201DAE963000EA1D1C /* ProgramRouter.swift in Sources */,
				B15D59521DB68C0E00750260 /* PersonView.swift in Sources */,
				9F25AFA91DA2ACF400488CA6 /* Config.swift in Sources */,
				9FEB71B11D9AD2E800BBFA54 /* PeopleViewController.swift in Sources */,
				B15D59581DB69EA800750260 /* PeopleRouter.swift in Sources */,
				9FEB71A31D9ACD1200BBFA54 /* NibLoadingView.swift in Sources */,
				9FEB71A51D9ACD7D00BBFA54 /* ProgramViewController.swift in Sources */,
				846DC9891DA2CDC100B05AC8 /* PeopleInteractor.swift in Sources */,
				9FCF1BE01DAEB93000F6A3D5 /* EventScrollerView.swift in Sources */,
				B192B59A1D9AC9A200C8B9C2 /* AppDelegate.swift in Sources */,
				9FEB71BD1D9AECEF00BBFA54 /* ProgramViewModel.swift in Sources */,
				84387BEB1DA2D406001482EF /* PeopleConfigurator.swift in Sources */,
				9FEC6A1B1DAE8CF500EA1D1C /* EventView.swift in Sources */,
				9FEB71B41D9AE94D00BBFA54 /* Day.swift in Sources */,
				9FEB71AD1D9AD0FD00BBFA54 /* ProgramEntryCell.swift in Sources */,
				84824D7F1DAE81E400D176BA /* PeopleService.swift in Sources */,
				9FEB71B71D9AEBEE00BBFA54 /* ProgramInteractor.swift in Sources */,
				9F5DC4AD1DB16E43001FDCD2 /* EventPageViewController.swift in Sources */,
				9F25AFA71DA2ACCD00488CA6 /* HTTPClient.swift in Sources */,
				9F25AFB01DA2ADA300488CA6 /* Logger.swift in Sources */,
				9FEB71BA1D9AEC6500BBFA54 /* ProgramPresenter.swift in Sources */,
				9F25AFBC1DA2B91600488CA6 /* Date+WeekDay.swift in Sources */,
				846DC9721DA2BEB000B05AC8 /* PeopleEntryCell.swift in Sources */,
				9F5DC4AF1DB16F68001FDCD2 /* EventViewController.swift in Sources */,
				9FEB719E1D9ACCAE00BBFA54 /* ProgramView.swift in Sources */,
				84387BE71DA2D38D001482EF /* PeoplePresenter.swift in Sources */,
				84387BE91DA2D3DF001482EF /* PeopleViewModel.swift in Sources */,
				9F5DC4AB1DB16D87001FDCD2 /* EventsViewController.swift in Sources */,
				B15D59561DB697B300750260 /* PersonViewController.swift in Sources */,
				9FEB71A81D9ACDF300BBFA54 /* PeopleView.swift in Sources */,
				9F25AFB71DA2B04E00488CA6 /* Event.swift in Sources */,
				9F25AFAD1DA2AD2900488CA6 /* SeededDataTask.swift in Sources */,
				846DC9861DA2C95F00B05AC8 /* PeopleHeaderCell.swift in Sources */,
			);
			runOnlyForDeploymentPostprocessing = 0;
		};
		B192B5A61D9AC9A200C8B9C2 /* Sources */ = {
			isa = PBXSourcesBuildPhase;
			buildActionMask = 2147483647;
			files = (
				B192B5AF1D9AC9A200C8B9C2 /* FaghelgappTests.swift in Sources */,
			);
			runOnlyForDeploymentPostprocessing = 0;
		};
/* End PBXSourcesBuildPhase section */

/* Begin PBXTargetDependency section */
		B192B5AC1D9AC9A200C8B9C2 /* PBXTargetDependency */ = {
			isa = PBXTargetDependency;
			target = B192B5951D9AC9A200C8B9C2 /* Faghelgapp */;
			targetProxy = B192B5AB1D9AC9A200C8B9C2 /* PBXContainerItemProxy */;
		};
/* End PBXTargetDependency section */

/* Begin PBXVariantGroup section */
		84A157C01DA588A400B460FF /* Main.storyboard */ = {
			isa = PBXVariantGroup;
			children = (
				84A157C11DA588A400B460FF /* Base */,
			);
			name = Main.storyboard;
			sourceTree = "<group>";
		};
		B192B5A21D9AC9A200C8B9C2 /* LaunchScreen.storyboard */ = {
			isa = PBXVariantGroup;
			children = (
				B192B5A31D9AC9A200C8B9C2 /* Base */,
			);
			name = LaunchScreen.storyboard;
			sourceTree = "<group>";
		};
/* End PBXVariantGroup section */

/* Begin XCBuildConfiguration section */
		B192B5B11D9AC9A200C8B9C2 /* Debug */ = {
			isa = XCBuildConfiguration;
			buildSettings = {
				ALWAYS_SEARCH_USER_PATHS = NO;
				CLANG_ANALYZER_NONNULL = YES;
				CLANG_CXX_LANGUAGE_STANDARD = "gnu++0x";
				CLANG_CXX_LIBRARY = "libc++";
				CLANG_ENABLE_MODULES = YES;
				CLANG_ENABLE_OBJC_ARC = YES;
				CLANG_WARN_BOOL_CONVERSION = YES;
				CLANG_WARN_CONSTANT_CONVERSION = YES;
				CLANG_WARN_DIRECT_OBJC_ISA_USAGE = YES_ERROR;
				CLANG_WARN_DOCUMENTATION_COMMENTS = YES;
				CLANG_WARN_EMPTY_BODY = YES;
				CLANG_WARN_ENUM_CONVERSION = YES;
				CLANG_WARN_INFINITE_RECURSION = YES;
				CLANG_WARN_INT_CONVERSION = YES;
				CLANG_WARN_OBJC_ROOT_CLASS = YES_ERROR;
				CLANG_WARN_SUSPICIOUS_MOVES = YES;
				CLANG_WARN_UNREACHABLE_CODE = YES;
				CLANG_WARN__DUPLICATE_METHOD_MATCH = YES;
				"CODE_SIGN_IDENTITY[sdk=iphoneos*]" = "iPhone Developer";
				COPY_PHASE_STRIP = NO;
				DEBUG_INFORMATION_FORMAT = dwarf;
				ENABLE_STRICT_OBJC_MSGSEND = YES;
				ENABLE_TESTABILITY = YES;
				GCC_C_LANGUAGE_STANDARD = gnu99;
				GCC_DYNAMIC_NO_PIC = NO;
				GCC_NO_COMMON_BLOCKS = YES;
				GCC_OPTIMIZATION_LEVEL = 0;
				GCC_PREPROCESSOR_DEFINITIONS = (
					"DEBUG=1",
					"$(inherited)",
				);
				GCC_WARN_64_TO_32_BIT_CONVERSION = YES;
				GCC_WARN_ABOUT_RETURN_TYPE = YES_ERROR;
				GCC_WARN_UNDECLARED_SELECTOR = YES;
				GCC_WARN_UNINITIALIZED_AUTOS = YES_AGGRESSIVE;
				GCC_WARN_UNUSED_FUNCTION = YES;
				GCC_WARN_UNUSED_VARIABLE = YES;
				IPHONEOS_DEPLOYMENT_TARGET = 10.0;
				MTL_ENABLE_DEBUG_INFO = YES;
				ONLY_ACTIVE_ARCH = YES;
				SDKROOT = iphoneos;
				SWIFT_ACTIVE_COMPILATION_CONDITIONS = DEBUG;
				SWIFT_OPTIMIZATION_LEVEL = "-Onone";
				TARGETED_DEVICE_FAMILY = "1,2";
			};
			name = Debug;
		};
		B192B5B21D9AC9A200C8B9C2 /* Release */ = {
			isa = XCBuildConfiguration;
			buildSettings = {
				ALWAYS_SEARCH_USER_PATHS = NO;
				CLANG_ANALYZER_NONNULL = YES;
				CLANG_CXX_LANGUAGE_STANDARD = "gnu++0x";
				CLANG_CXX_LIBRARY = "libc++";
				CLANG_ENABLE_MODULES = YES;
				CLANG_ENABLE_OBJC_ARC = YES;
				CLANG_WARN_BOOL_CONVERSION = YES;
				CLANG_WARN_CONSTANT_CONVERSION = YES;
				CLANG_WARN_DIRECT_OBJC_ISA_USAGE = YES_ERROR;
				CLANG_WARN_DOCUMENTATION_COMMENTS = YES;
				CLANG_WARN_EMPTY_BODY = YES;
				CLANG_WARN_ENUM_CONVERSION = YES;
				CLANG_WARN_INFINITE_RECURSION = YES;
				CLANG_WARN_INT_CONVERSION = YES;
				CLANG_WARN_OBJC_ROOT_CLASS = YES_ERROR;
				CLANG_WARN_SUSPICIOUS_MOVES = YES;
				CLANG_WARN_UNREACHABLE_CODE = YES;
				CLANG_WARN__DUPLICATE_METHOD_MATCH = YES;
				"CODE_SIGN_IDENTITY[sdk=iphoneos*]" = "iPhone Developer";
				COPY_PHASE_STRIP = NO;
				DEBUG_INFORMATION_FORMAT = "dwarf-with-dsym";
				ENABLE_NS_ASSERTIONS = NO;
				ENABLE_STRICT_OBJC_MSGSEND = YES;
				GCC_C_LANGUAGE_STANDARD = gnu99;
				GCC_NO_COMMON_BLOCKS = YES;
				GCC_WARN_64_TO_32_BIT_CONVERSION = YES;
				GCC_WARN_ABOUT_RETURN_TYPE = YES_ERROR;
				GCC_WARN_UNDECLARED_SELECTOR = YES;
				GCC_WARN_UNINITIALIZED_AUTOS = YES_AGGRESSIVE;
				GCC_WARN_UNUSED_FUNCTION = YES;
				GCC_WARN_UNUSED_VARIABLE = YES;
				IPHONEOS_DEPLOYMENT_TARGET = 10.0;
				MTL_ENABLE_DEBUG_INFO = NO;
				SDKROOT = iphoneos;
				SWIFT_OPTIMIZATION_LEVEL = "-Owholemodule";
				TARGETED_DEVICE_FAMILY = "1,2";
				VALIDATE_PRODUCT = YES;
			};
			name = Release;
		};
		B192B5B41D9AC9A200C8B9C2 /* Debug */ = {
			isa = XCBuildConfiguration;
			baseConfigurationReference = 32452F3C2530CF3E4413DD5C /* Pods-Faghelgapp.debug.xcconfig */;
			buildSettings = {
				ASSETCATALOG_COMPILER_APPICON_NAME = AppIcon;
				INFOPLIST_FILE = Faghelgapp/Info.plist;
				LD_RUNPATH_SEARCH_PATHS = "$(inherited) @executable_path/Frameworks";
				PRODUCT_BUNDLE_IDENTIFIER = no.mesan.Faghelgapp;
				PRODUCT_NAME = "$(TARGET_NAME)";
				SWIFT_VERSION = 3.0;
			};
			name = Debug;
		};
		B192B5B51D9AC9A200C8B9C2 /* Release */ = {
			isa = XCBuildConfiguration;
			baseConfigurationReference = 7B44F67761C6C29BE29B3E52 /* Pods-Faghelgapp.release.xcconfig */;
			buildSettings = {
				ASSETCATALOG_COMPILER_APPICON_NAME = AppIcon;
				INFOPLIST_FILE = Faghelgapp/Info.plist;
				LD_RUNPATH_SEARCH_PATHS = "$(inherited) @executable_path/Frameworks";
				PRODUCT_BUNDLE_IDENTIFIER = no.mesan.Faghelgapp;
				PRODUCT_NAME = "$(TARGET_NAME)";
				SWIFT_VERSION = 3.0;
			};
			name = Release;
		};
		B192B5B71D9AC9A200C8B9C2 /* Debug */ = {
			isa = XCBuildConfiguration;
			baseConfigurationReference = CD2D24CA29C7CA7FDB04833B /* Pods-FaghelgappTests.debug.xcconfig */;
			buildSettings = {
				ALWAYS_EMBED_SWIFT_STANDARD_LIBRARIES = YES;
				BUNDLE_LOADER = "$(TEST_HOST)";
				INFOPLIST_FILE = FaghelgappTests/Info.plist;
				LD_RUNPATH_SEARCH_PATHS = "$(inherited) @executable_path/Frameworks @loader_path/Frameworks";
				PRODUCT_BUNDLE_IDENTIFIER = no.mesan.FaghelgappTests;
				PRODUCT_NAME = "$(TARGET_NAME)";
				SWIFT_VERSION = 3.0;
				TEST_HOST = "$(BUILT_PRODUCTS_DIR)/Faghelgapp.app/Faghelgapp";
			};
			name = Debug;
		};
		B192B5B81D9AC9A200C8B9C2 /* Release */ = {
			isa = XCBuildConfiguration;
			baseConfigurationReference = 0AAE2BEED2A4853F25553F07 /* Pods-FaghelgappTests.release.xcconfig */;
			buildSettings = {
				ALWAYS_EMBED_SWIFT_STANDARD_LIBRARIES = YES;
				BUNDLE_LOADER = "$(TEST_HOST)";
				INFOPLIST_FILE = FaghelgappTests/Info.plist;
				LD_RUNPATH_SEARCH_PATHS = "$(inherited) @executable_path/Frameworks @loader_path/Frameworks";
				PRODUCT_BUNDLE_IDENTIFIER = no.mesan.FaghelgappTests;
				PRODUCT_NAME = "$(TARGET_NAME)";
				SWIFT_VERSION = 3.0;
				TEST_HOST = "$(BUILT_PRODUCTS_DIR)/Faghelgapp.app/Faghelgapp";
			};
			name = Release;
		};
/* End XCBuildConfiguration section */

/* Begin XCConfigurationList section */
		B192B5911D9AC9A200C8B9C2 /* Build configuration list for PBXProject "Faghelgapp" */ = {
			isa = XCConfigurationList;
			buildConfigurations = (
				B192B5B11D9AC9A200C8B9C2 /* Debug */,
				B192B5B21D9AC9A200C8B9C2 /* Release */,
			);
			defaultConfigurationIsVisible = 0;
			defaultConfigurationName = Release;
		};
		B192B5B31D9AC9A200C8B9C2 /* Build configuration list for PBXNativeTarget "Faghelgapp" */ = {
			isa = XCConfigurationList;
			buildConfigurations = (
				B192B5B41D9AC9A200C8B9C2 /* Debug */,
				B192B5B51D9AC9A200C8B9C2 /* Release */,
			);
			defaultConfigurationIsVisible = 0;
			defaultConfigurationName = Release;
		};
		B192B5B61D9AC9A200C8B9C2 /* Build configuration list for PBXNativeTarget "FaghelgappTests" */ = {
			isa = XCConfigurationList;
			buildConfigurations = (
				B192B5B71D9AC9A200C8B9C2 /* Debug */,
				B192B5B81D9AC9A200C8B9C2 /* Release */,
			);
			defaultConfigurationIsVisible = 0;
			defaultConfigurationName = Release;
		};
/* End XCConfigurationList section */
	};
	rootObject = B192B58E1D9AC9A200C8B9C2 /* Project object */;
}
