// !$*UTF8*$!
{
	archiveVersion = 1;
	classes = {
	};
	objectVersion = 46;
	objects = {

/* Begin PBXBuildFile section */
		1F1194E11E562FC300838CB3 /* LoadingView.swift in Sources */ = {isa = PBXBuildFile; fileRef = 1F1194E01E562FC300838CB3 /* LoadingView.swift */; };
		1F1194E31E5630C400838CB3 /* LoadingView.xib in Resources */ = {isa = PBXBuildFile; fileRef = 1F1194E21E5630C300838CB3 /* LoadingView.xib */; };
		1F1194E51E56326900838CB3 /* LoadingViewController.swift in Sources */ = {isa = PBXBuildFile; fileRef = 1F1194E41E56326900838CB3 /* LoadingViewController.swift */; };
		1F1194E71E56333D00838CB3 /* Loading.swift in Sources */ = {isa = PBXBuildFile; fileRef = 1F1194E61E56333D00838CB3 /* Loading.swift */; };
		1F41090F1E7728DB0028ACFA /* FullscreenImageConfigurator.swift in Sources */ = {isa = PBXBuildFile; fileRef = 1F4109071E7728DB0028ACFA /* FullscreenImageConfigurator.swift */; };
		1F4109121E7728DB0028ACFA /* FullscreenImageRouter.swift in Sources */ = {isa = PBXBuildFile; fileRef = 1F41090A1E7728DB0028ACFA /* FullscreenImageRouter.swift */; };
		1F4109131E7728DB0028ACFA /* FullscreenImageView.swift in Sources */ = {isa = PBXBuildFile; fileRef = 1F41090B1E7728DB0028ACFA /* FullscreenImageView.swift */; };
		1F4109141E7728DC0028ACFA /* FullscreenImageView.xib in Resources */ = {isa = PBXBuildFile; fileRef = 1F41090C1E7728DB0028ACFA /* FullscreenImageView.xib */; };
		1F4109151E7728DC0028ACFA /* FullscreenImageViewController.swift in Sources */ = {isa = PBXBuildFile; fileRef = 1F41090D1E7728DB0028ACFA /* FullscreenImageViewController.swift */; };
		1F8B5060BDFFE7DB6FC4AA8C /* Pods_FaghelgappTests.framework in Frameworks */ = {isa = PBXBuildFile; fileRef = 544BC935E3966EC9C83606CA /* Pods_FaghelgappTests.framework */; };
		84824D7F1DAE81E400D176BA /* PeopleService.swift in Sources */ = {isa = PBXBuildFile; fileRef = 84824D7E1DAE81E400D176BA /* PeopleService.swift */; };
		8484EE381E4107A900B89B6E /* LaunchScreen.storyboard in Resources */ = {isa = PBXBuildFile; fileRef = 8484EE361E4107A900B89B6E /* LaunchScreen.storyboard */; };
		84A157C21DA588A400B460FF /* Main.storyboard in Resources */ = {isa = PBXBuildFile; fileRef = 84A157C01DA588A400B460FF /* Main.storyboard */; };
		84A8709B1DBFE62E0090BBB3 /* UIImage+Color.swift in Sources */ = {isa = PBXBuildFile; fileRef = 84A8709A1DBFE62E0090BBB3 /* UIImage+Color.swift */; };
		84BD340E1E56184000D2E7C1 /* PersonDetailsConfigurator.swift in Sources */ = {isa = PBXBuildFile; fileRef = 84BD34081E56184000D2E7C1 /* PersonDetailsConfigurator.swift */; };
		84BD340F1E56184000D2E7C1 /* PersonDetailsInteractor.swift in Sources */ = {isa = PBXBuildFile; fileRef = 84BD34091E56184000D2E7C1 /* PersonDetailsInteractor.swift */; };
		84BD34101E56184000D2E7C1 /* PersonDetailsPresenter.swift in Sources */ = {isa = PBXBuildFile; fileRef = 84BD340A1E56184000D2E7C1 /* PersonDetailsPresenter.swift */; };
		84BD34111E56184000D2E7C1 /* PersonDetailsRouter.swift in Sources */ = {isa = PBXBuildFile; fileRef = 84BD340B1E56184000D2E7C1 /* PersonDetailsRouter.swift */; };
		84BD34121E56184000D2E7C1 /* PersonDetailsViewController.swift in Sources */ = {isa = PBXBuildFile; fileRef = 84BD340C1E56184000D2E7C1 /* PersonDetailsViewController.swift */; };
		84BD34131E56184000D2E7C1 /* PersonDetailsViewModel.swift in Sources */ = {isa = PBXBuildFile; fileRef = 84BD340D1E56184000D2E7C1 /* PersonDetailsViewModel.swift */; };
		84BD34161E56189F00D2E7C1 /* PersonDetailsView.swift in Sources */ = {isa = PBXBuildFile; fileRef = 84BD34151E56189F00D2E7C1 /* PersonDetailsView.swift */; };
		84BD34181E5618B000D2E7C1 /* PersonDetailsView.xib in Resources */ = {isa = PBXBuildFile; fileRef = 84BD34171E5618B000D2E7C1 /* PersonDetailsView.xib */; };
		84C9E2D51DC8FFDC00C85042 /* UIFont+Faghelgapp.swift in Sources */ = {isa = PBXBuildFile; fileRef = 84C9E2D41DC8FFDC00C85042 /* UIFont+Faghelgapp.swift */; };
		84C9E2D71DC901A100C85042 /* UIColor+Faghelgapp.swift in Sources */ = {isa = PBXBuildFile; fileRef = 84C9E2D61DC901A100C85042 /* UIColor+Faghelgapp.swift */; };
		84CA3AF11DBFF72200662994 /* MesanTabBarController.swift in Sources */ = {isa = PBXBuildFile; fileRef = 84CA3AF01DBFF72200662994 /* MesanTabBarController.swift */; };
		9F04D2991DBFA5A6002E3896 /* MessageService.swift in Sources */ = {isa = PBXBuildFile; fileRef = 9F04D2981DBFA5A6002E3896 /* MessageService.swift */; };
		9F04D29B1DBFA5FE002E3896 /* Message.swift in Sources */ = {isa = PBXBuildFile; fileRef = 9F04D29A1DBFA5FE002E3896 /* Message.swift */; };
		9F04D2A71DBFD27A002E3896 /* MessageInput.swift in Sources */ = {isa = PBXBuildFile; fileRef = 9F04D2A61DBFD27A002E3896 /* MessageInput.swift */; };
		9F0D58AC1DC8FF8300555BE1 /* PushService.swift in Sources */ = {isa = PBXBuildFile; fileRef = 9F0D58AB1DC8FF8300555BE1 /* PushService.swift */; };
		9F0D58AE1DC90B2600555BE1 /* PushDevice.swift in Sources */ = {isa = PBXBuildFile; fileRef = 9F0D58AD1DC90B2600555BE1 /* PushDevice.swift */; };
		9F16FA441E2FF196009971B3 /* PeopleEntryCell.swift in Sources */ = {isa = PBXBuildFile; fileRef = 9F16FA421E2FF196009971B3 /* PeopleEntryCell.swift */; };
		9F16FA451E2FF196009971B3 /* PeopleEntryCell.xib in Resources */ = {isa = PBXBuildFile; fileRef = 9F16FA431E2FF196009971B3 /* PeopleEntryCell.xib */; };
		9F16FA491E2FF1AA009971B3 /* PeopleHeaderCell.swift in Sources */ = {isa = PBXBuildFile; fileRef = 9F16FA471E2FF1AA009971B3 /* PeopleHeaderCell.swift */; };
		9F16FA4A1E2FF1AA009971B3 /* PeopleHeaderCell.xib in Resources */ = {isa = PBXBuildFile; fileRef = 9F16FA481E2FF1AA009971B3 /* PeopleHeaderCell.xib */; };
		9F16FA4E1E2FF1DB009971B3 /* TextMessageCell.swift in Sources */ = {isa = PBXBuildFile; fileRef = 9F16FA4C1E2FF1DB009971B3 /* TextMessageCell.swift */; };
		9F16FA4F1E2FF1DB009971B3 /* TextMessageCell.xib in Resources */ = {isa = PBXBuildFile; fileRef = 9F16FA4D1E2FF1DB009971B3 /* TextMessageCell.xib */; };
		9F16FA531E2FF1FC009971B3 /* ProgramEntryCell.swift in Sources */ = {isa = PBXBuildFile; fileRef = 9F16FA511E2FF1FC009971B3 /* ProgramEntryCell.swift */; };
		9F16FA541E2FF1FC009971B3 /* ProgramEntryCell.xib in Resources */ = {isa = PBXBuildFile; fileRef = 9F16FA521E2FF1FC009971B3 /* ProgramEntryCell.xib */; };
		9F16FA571E2FF217009971B3 /* ProgramView.swift in Sources */ = {isa = PBXBuildFile; fileRef = 9F16FA551E2FF217009971B3 /* ProgramView.swift */; };
		9F16FA581E2FF217009971B3 /* ProgramView.xib in Resources */ = {isa = PBXBuildFile; fileRef = 9F16FA561E2FF217009971B3 /* ProgramView.xib */; };
		9F25AFA41DA2ABFB00488CA6 /* ProgramService.swift in Sources */ = {isa = PBXBuildFile; fileRef = 9F25AFA31DA2ABFB00488CA6 /* ProgramService.swift */; };
		9F25AFA71DA2ACCD00488CA6 /* HTTPClient.swift in Sources */ = {isa = PBXBuildFile; fileRef = 9F25AFA61DA2ACCD00488CA6 /* HTTPClient.swift */; };
		9F25AFA91DA2ACF400488CA6 /* Config.swift in Sources */ = {isa = PBXBuildFile; fileRef = 9F25AFA81DA2ACF400488CA6 /* Config.swift */; };
		9F25AFAB1DA2AD0E00488CA6 /* SeededURLSession.swift in Sources */ = {isa = PBXBuildFile; fileRef = 9F25AFAA1DA2AD0E00488CA6 /* SeededURLSession.swift */; };
		9F25AFAD1DA2AD2900488CA6 /* SeededDataTask.swift in Sources */ = {isa = PBXBuildFile; fileRef = 9F25AFAC1DA2AD2900488CA6 /* SeededDataTask.swift */; };
		9F25AFB01DA2ADA300488CA6 /* Logger.swift in Sources */ = {isa = PBXBuildFile; fileRef = 9F25AFAF1DA2ADA300488CA6 /* Logger.swift */; };
		9F25AFB21DA2AE2900488CA6 /* Constants.swift in Sources */ = {isa = PBXBuildFile; fileRef = 9F25AFB11DA2AE2900488CA6 /* Constants.swift */; };
		9F25AFB51DA2AF6D00488CA6 /* Program.swift in Sources */ = {isa = PBXBuildFile; fileRef = 9F25AFB41DA2AF6D00488CA6 /* Program.swift */; };
		9F25AFB71DA2B04E00488CA6 /* Event.swift in Sources */ = {isa = PBXBuildFile; fileRef = 9F25AFB61DA2B04E00488CA6 /* Event.swift */; };
		9F25AFB91DA2B0DE00488CA6 /* Person.swift in Sources */ = {isa = PBXBuildFile; fileRef = 9F25AFB81DA2B0DE00488CA6 /* Person.swift */; };
		9F25AFBC1DA2B91600488CA6 /* Date+WeekDay.swift in Sources */ = {isa = PBXBuildFile; fileRef = 9F25AFBB1DA2B91600488CA6 /* Date+WeekDay.swift */; };
		9F25AFBE1DA2BF7300488CA6 /* Date+Formats.swift in Sources */ = {isa = PBXBuildFile; fileRef = 9F25AFBD1DA2BF7300488CA6 /* Date+Formats.swift */; };
		9F2CF2211DB6AB55004DA01F /* MesanViewController.swift in Sources */ = {isa = PBXBuildFile; fileRef = 9F2CF2201DB6AB55004DA01F /* MesanViewController.swift */; };
		9F2CF2231DB6AFB8004DA01F /* TokenUtil.swift in Sources */ = {isa = PBXBuildFile; fileRef = 9F2CF2221DB6AFB8004DA01F /* TokenUtil.swift */; };
		9F5C000F1E2FD60600636470 /* ProgramConfigurator.swift in Sources */ = {isa = PBXBuildFile; fileRef = 9F5C00091E2FD60600636470 /* ProgramConfigurator.swift */; };
		9F5C00101E2FD60600636470 /* ProgramInteractor.swift in Sources */ = {isa = PBXBuildFile; fileRef = 9F5C000A1E2FD60600636470 /* ProgramInteractor.swift */; };
		9F5C00111E2FD60600636470 /* ProgramPresenter.swift in Sources */ = {isa = PBXBuildFile; fileRef = 9F5C000B1E2FD60600636470 /* ProgramPresenter.swift */; };
		9F5C00121E2FD60600636470 /* ProgramRouter.swift in Sources */ = {isa = PBXBuildFile; fileRef = 9F5C000C1E2FD60600636470 /* ProgramRouter.swift */; };
		9F5C00131E2FD60600636470 /* ProgramViewController.swift in Sources */ = {isa = PBXBuildFile; fileRef = 9F5C000D1E2FD60600636470 /* ProgramViewController.swift */; };
		9F5C00141E2FD60600636470 /* ProgramViewModel.swift in Sources */ = {isa = PBXBuildFile; fileRef = 9F5C000E1E2FD60600636470 /* ProgramViewModel.swift */; };
		9F5C001C1E2FD77000636470 /* FeedConfigurator.swift in Sources */ = {isa = PBXBuildFile; fileRef = 9F5C00161E2FD77000636470 /* FeedConfigurator.swift */; };
		9F5C001D1E2FD77000636470 /* FeedInteractor.swift in Sources */ = {isa = PBXBuildFile; fileRef = 9F5C00171E2FD77000636470 /* FeedInteractor.swift */; };
		9F5C001E1E2FD77000636470 /* FeedPresenter.swift in Sources */ = {isa = PBXBuildFile; fileRef = 9F5C00181E2FD77000636470 /* FeedPresenter.swift */; };
		9F5C001F1E2FD77000636470 /* FeedRouter.swift in Sources */ = {isa = PBXBuildFile; fileRef = 9F5C00191E2FD77000636470 /* FeedRouter.swift */; };
		9F5C00201E2FD77000636470 /* FeedViewController.swift in Sources */ = {isa = PBXBuildFile; fileRef = 9F5C001A1E2FD77000636470 /* FeedViewController.swift */; };
		9F5C00211E2FD77000636470 /* FeedViewModel.swift in Sources */ = {isa = PBXBuildFile; fileRef = 9F5C001B1E2FD77000636470 /* FeedViewModel.swift */; };
		9F5C00291E2FD7F200636470 /* PeopleConfigurator.swift in Sources */ = {isa = PBXBuildFile; fileRef = 9F5C00231E2FD7F200636470 /* PeopleConfigurator.swift */; };
		9F5C002A1E2FD7F200636470 /* PeopleInteractor.swift in Sources */ = {isa = PBXBuildFile; fileRef = 9F5C00241E2FD7F200636470 /* PeopleInteractor.swift */; };
		9F5C002B1E2FD7F200636470 /* PeoplePresenter.swift in Sources */ = {isa = PBXBuildFile; fileRef = 9F5C00251E2FD7F200636470 /* PeoplePresenter.swift */; };
		9F5C002C1E2FD7F200636470 /* PeopleRouter.swift in Sources */ = {isa = PBXBuildFile; fileRef = 9F5C00261E2FD7F200636470 /* PeopleRouter.swift */; };
		9F5C002D1E2FD7F200636470 /* PeopleViewController.swift in Sources */ = {isa = PBXBuildFile; fileRef = 9F5C00271E2FD7F200636470 /* PeopleViewController.swift */; };
		9F5C002E1E2FD7F200636470 /* PeopleViewModel.swift in Sources */ = {isa = PBXBuildFile; fileRef = 9F5C00281E2FD7F200636470 /* PeopleViewModel.swift */; };
		9F5C00361E2FD85B00636470 /* NewMessageConfigurator.swift in Sources */ = {isa = PBXBuildFile; fileRef = 9F5C00301E2FD85B00636470 /* NewMessageConfigurator.swift */; };
		9F5C00371E2FD85B00636470 /* NewMessageInteractor.swift in Sources */ = {isa = PBXBuildFile; fileRef = 9F5C00311E2FD85B00636470 /* NewMessageInteractor.swift */; };
		9F5C00381E2FD85B00636470 /* NewMessagePresenter.swift in Sources */ = {isa = PBXBuildFile; fileRef = 9F5C00321E2FD85B00636470 /* NewMessagePresenter.swift */; };
		9F5C00391E2FD85B00636470 /* NewMessageRouter.swift in Sources */ = {isa = PBXBuildFile; fileRef = 9F5C00331E2FD85B00636470 /* NewMessageRouter.swift */; };
		9F5C003A1E2FD85B00636470 /* NewMessageViewController.swift in Sources */ = {isa = PBXBuildFile; fileRef = 9F5C00341E2FD85B00636470 /* NewMessageViewController.swift */; };
		9F5C003B1E2FD85B00636470 /* NewMessageViewModel.swift in Sources */ = {isa = PBXBuildFile; fileRef = 9F5C00351E2FD85B00636470 /* NewMessageViewModel.swift */; };
		9F5C003F1E2FDC4900636470 /* NewMessageView.swift in Sources */ = {isa = PBXBuildFile; fileRef = 9F5C003D1E2FDC4900636470 /* NewMessageView.swift */; };
		9F5C00401E2FDC4900636470 /* NewMessageView.xib in Resources */ = {isa = PBXBuildFile; fileRef = 9F5C003E1E2FDC4900636470 /* NewMessageView.xib */; };
		9F5DC4AB1DB16D87001FDCD2 /* EventsViewController.swift in Sources */ = {isa = PBXBuildFile; fileRef = 9F5DC4AA1DB16D87001FDCD2 /* EventsViewController.swift */; };
		9F5DC4AD1DB16E43001FDCD2 /* EventPageViewController.swift in Sources */ = {isa = PBXBuildFile; fileRef = 9F5DC4AC1DB16E43001FDCD2 /* EventPageViewController.swift */; };
		9F5DC4AF1DB16F68001FDCD2 /* EventViewController.swift in Sources */ = {isa = PBXBuildFile; fileRef = 9F5DC4AE1DB16F68001FDCD2 /* EventViewController.swift */; };
		9F5DC4B11DB173D3001FDCD2 /* EventView.xib in Resources */ = {isa = PBXBuildFile; fileRef = 9F5DC4B01DB173D3001FDCD2 /* EventView.xib */; };
		9F7F0EFD1E411C9F001BBE9C /* ImageMessageCell.swift in Sources */ = {isa = PBXBuildFile; fileRef = 9F7F0EFC1E411C9F001BBE9C /* ImageMessageCell.swift */; };
		9F7F0EFF1E411CC3001BBE9C /* ImageMessageCell.xib in Resources */ = {isa = PBXBuildFile; fileRef = 9F7F0EFE1E411CC3001BBE9C /* ImageMessageCell.xib */; };
		9F9901611DB69A6A0043633A /* LogInViewController.swift in Sources */ = {isa = PBXBuildFile; fileRef = 9F9901601DB69A6A0043633A /* LogInViewController.swift */; };
		9FB329901E2FDE670056AB56 /* ImagePicking.swift in Sources */ = {isa = PBXBuildFile; fileRef = 9FB3298F1E2FDE670056AB56 /* ImagePicking.swift */; };
		9FBD772F1E2FEE41000E0A1D /* ImageEncoder.swift in Sources */ = {isa = PBXBuildFile; fileRef = 9FBD772E1E2FEE41000E0A1D /* ImageEncoder.swift */; };
		9FBD77351E2FEFC8000E0A1D /* FeedView.swift in Sources */ = {isa = PBXBuildFile; fileRef = 9FBD77321E2FEFC8000E0A1D /* FeedView.swift */; };
		9FBD77361E2FEFC8000E0A1D /* FeedView.xib in Resources */ = {isa = PBXBuildFile; fileRef = 9FBD77331E2FEFC8000E0A1D /* FeedView.xib */; };
		9FBD773E1E2FF063000E0A1D /* PeopleView.swift in Sources */ = {isa = PBXBuildFile; fileRef = 9FBD773A1E2FF063000E0A1D /* PeopleView.swift */; };
		9FBD773F1E2FF063000E0A1D /* PeopleView.xib in Resources */ = {isa = PBXBuildFile; fileRef = 9FBD773B1E2FF063000E0A1D /* PeopleView.xib */; };
		9FCF1BE01DAEB93000F6A3D5 /* EventScrollerView.swift in Sources */ = {isa = PBXBuildFile; fileRef = 9FCF1BDF1DAEB93000F6A3D5 /* EventScrollerView.swift */; };
		9FCF1BE21DAEB93A00F6A3D5 /* EventScrollerView.xib in Resources */ = {isa = PBXBuildFile; fileRef = 9FCF1BE11DAEB93A00F6A3D5 /* EventScrollerView.xib */; };
		9FCF1BE51DAEBAA900F6A3D5 /* EventScrollerCell.swift in Sources */ = {isa = PBXBuildFile; fileRef = 9FCF1BE41DAEBAA900F6A3D5 /* EventScrollerCell.swift */; };
		9FEB71A31D9ACD1200BBFA54 /* NibLoadingView.swift in Sources */ = {isa = PBXBuildFile; fileRef = 9FEB71A21D9ACD1200BBFA54 /* NibLoadingView.swift */; };
		9FEB71B41D9AE94D00BBFA54 /* Day.swift in Sources */ = {isa = PBXBuildFile; fileRef = 9FEB71B31D9AE94D00BBFA54 /* Day.swift */; };
		9FEC6A0D1DAE8BA000EA1D1C /* Roboto-Black.ttf in Resources */ = {isa = PBXBuildFile; fileRef = 9FEC6A011DAE8B8500EA1D1C /* Roboto-Black.ttf */; };
		9FEC6A0E1DAE8BA000EA1D1C /* Roboto-BlackItalic.ttf in Resources */ = {isa = PBXBuildFile; fileRef = 9FEC6A021DAE8B8500EA1D1C /* Roboto-BlackItalic.ttf */; };
		9FEC6A0F1DAE8BA000EA1D1C /* Roboto-Bold.ttf in Resources */ = {isa = PBXBuildFile; fileRef = 9FEC6A031DAE8B8500EA1D1C /* Roboto-Bold.ttf */; };
		9FEC6A101DAE8BA000EA1D1C /* Roboto-BoldItalic.ttf in Resources */ = {isa = PBXBuildFile; fileRef = 9FEC6A041DAE8B8500EA1D1C /* Roboto-BoldItalic.ttf */; };
		9FEC6A111DAE8BA000EA1D1C /* Roboto-Italic.ttf in Resources */ = {isa = PBXBuildFile; fileRef = 9FEC6A051DAE8B8500EA1D1C /* Roboto-Italic.ttf */; };
		9FEC6A121DAE8BA000EA1D1C /* Roboto-Light.ttf in Resources */ = {isa = PBXBuildFile; fileRef = 9FEC6A061DAE8B8500EA1D1C /* Roboto-Light.ttf */; };
		9FEC6A131DAE8BA000EA1D1C /* Roboto-LightItalic.ttf in Resources */ = {isa = PBXBuildFile; fileRef = 9FEC6A071DAE8B8500EA1D1C /* Roboto-LightItalic.ttf */; };
		9FEC6A141DAE8BA000EA1D1C /* Roboto-Medium.ttf in Resources */ = {isa = PBXBuildFile; fileRef = 9FEC6A081DAE8B8500EA1D1C /* Roboto-Medium.ttf */; };
		9FEC6A151DAE8BA000EA1D1C /* Roboto-MediumItalic.ttf in Resources */ = {isa = PBXBuildFile; fileRef = 9FEC6A091DAE8B8500EA1D1C /* Roboto-MediumItalic.ttf */; };
		9FEC6A161DAE8BA000EA1D1C /* Roboto-Regular.ttf in Resources */ = {isa = PBXBuildFile; fileRef = 9FEC6A0A1DAE8B8500EA1D1C /* Roboto-Regular.ttf */; };
		9FEC6A171DAE8BA000EA1D1C /* Roboto-Thin.ttf in Resources */ = {isa = PBXBuildFile; fileRef = 9FEC6A0B1DAE8B8500EA1D1C /* Roboto-Thin.ttf */; };
		9FEC6A181DAE8BA000EA1D1C /* Roboto-ThinItalic.ttf in Resources */ = {isa = PBXBuildFile; fileRef = 9FEC6A0C1DAE8B8500EA1D1C /* Roboto-ThinItalic.ttf */; };
		9FEC6A1B1DAE8CF500EA1D1C /* EventView.swift in Sources */ = {isa = PBXBuildFile; fileRef = 9FEC6A1A1DAE8CF500EA1D1C /* EventView.swift */; };
		9FEC6A1D1DAE8D3400EA1D1C /* EventScrollerCell.xib in Resources */ = {isa = PBXBuildFile; fileRef = 9FEC6A1C1DAE8D3400EA1D1C /* EventScrollerCell.xib */; };
		B14678CC1DC8FEB8007CF61B /* DateFormatter+TimeSince.swift in Sources */ = {isa = PBXBuildFile; fileRef = B14678CB1DC8FEB8007CF61B /* DateFormatter+TimeSince.swift */; };
		B192B59A1D9AC9A200C8B9C2 /* AppDelegate.swift in Sources */ = {isa = PBXBuildFile; fileRef = B192B5991D9AC9A200C8B9C2 /* AppDelegate.swift */; };
		B192B5A11D9AC9A200C8B9C2 /* Assets.xcassets in Resources */ = {isa = PBXBuildFile; fileRef = B192B5A01D9AC9A200C8B9C2 /* Assets.xcassets */; };
		B192B5AF1D9AC9A200C8B9C2 /* FaghelgappTests.swift in Sources */ = {isa = PBXBuildFile; fileRef = B192B5AE1D9AC9A200C8B9C2 /* FaghelgappTests.swift */; };
		E1F5B2A81F96647400A13B56 /* NibDesignable.swift in Sources */ = {isa = PBXBuildFile; fileRef = E1F5B2A71F96647300A13B56 /* NibDesignable.swift */; };
		E1F5B2AC1F9670EC00A13B56 /* GoogleService-Info.plist in Resources */ = {isa = PBXBuildFile; fileRef = E1F5B2AB1F9670EC00A13B56 /* GoogleService-Info.plist */; };
		E1F5B2AE1F96853100A13B56 /* AuthService.swift in Sources */ = {isa = PBXBuildFile; fileRef = E1F5B2AD1F96853100A13B56 /* AuthService.swift */; };
		F282C3126DA1F03752C791B9 /* Pods_Faghelgapp.framework in Frameworks */ = {isa = PBXBuildFile; fileRef = D445080685542BFDD16F65C9 /* Pods_Faghelgapp.framework */; };
/* End PBXBuildFile section */

/* Begin PBXContainerItemProxy section */
		B192B5AB1D9AC9A200C8B9C2 /* PBXContainerItemProxy */ = {
			isa = PBXContainerItemProxy;
			containerPortal = B192B58E1D9AC9A200C8B9C2 /* Project object */;
			proxyType = 1;
			remoteGlobalIDString = B192B5951D9AC9A200C8B9C2;
			remoteInfo = Faghelgapp;
		};
/* End PBXContainerItemProxy section */

/* Begin PBXFileReference section */
		0AAE2BEED2A4853F25553F07 /* Pods-FaghelgappTests.release.xcconfig */ = {isa = PBXFileReference; includeInIndex = 1; lastKnownFileType = text.xcconfig; name = "Pods-FaghelgappTests.release.xcconfig"; path = "Pods/Target Support Files/Pods-FaghelgappTests/Pods-FaghelgappTests.release.xcconfig"; sourceTree = "<group>"; };
		1F1194E01E562FC300838CB3 /* LoadingView.swift */ = {isa = PBXFileReference; fileEncoding = 4; lastKnownFileType = sourcecode.swift; path = LoadingView.swift; sourceTree = "<group>"; };
		1F1194E21E5630C300838CB3 /* LoadingView.xib */ = {isa = PBXFileReference; fileEncoding = 4; lastKnownFileType = file.xib; path = LoadingView.xib; sourceTree = "<group>"; };
		1F1194E41E56326900838CB3 /* LoadingViewController.swift */ = {isa = PBXFileReference; fileEncoding = 4; lastKnownFileType = sourcecode.swift; path = LoadingViewController.swift; sourceTree = "<group>"; };
		1F1194E61E56333D00838CB3 /* Loading.swift */ = {isa = PBXFileReference; fileEncoding = 4; lastKnownFileType = sourcecode.swift; path = Loading.swift; sourceTree = "<group>"; };
		1F4109071E7728DB0028ACFA /* FullscreenImageConfigurator.swift */ = {isa = PBXFileReference; fileEncoding = 4; lastKnownFileType = sourcecode.swift; path = FullscreenImageConfigurator.swift; sourceTree = "<group>"; };
		1F41090A1E7728DB0028ACFA /* FullscreenImageRouter.swift */ = {isa = PBXFileReference; fileEncoding = 4; lastKnownFileType = sourcecode.swift; path = FullscreenImageRouter.swift; sourceTree = "<group>"; };
		1F41090B1E7728DB0028ACFA /* FullscreenImageView.swift */ = {isa = PBXFileReference; fileEncoding = 4; lastKnownFileType = sourcecode.swift; path = FullscreenImageView.swift; sourceTree = "<group>"; };
		1F41090C1E7728DB0028ACFA /* FullscreenImageView.xib */ = {isa = PBXFileReference; fileEncoding = 4; lastKnownFileType = file.xib; path = FullscreenImageView.xib; sourceTree = "<group>"; };
		1F41090D1E7728DB0028ACFA /* FullscreenImageViewController.swift */ = {isa = PBXFileReference; fileEncoding = 4; lastKnownFileType = sourcecode.swift; path = FullscreenImageViewController.swift; sourceTree = "<group>"; };
		32452F3C2530CF3E4413DD5C /* Pods-Faghelgapp.debug.xcconfig */ = {isa = PBXFileReference; includeInIndex = 1; lastKnownFileType = text.xcconfig; name = "Pods-Faghelgapp.debug.xcconfig"; path = "Pods/Target Support Files/Pods-Faghelgapp/Pods-Faghelgapp.debug.xcconfig"; sourceTree = "<group>"; };
		544BC935E3966EC9C83606CA /* Pods_FaghelgappTests.framework */ = {isa = PBXFileReference; explicitFileType = wrapper.framework; includeInIndex = 0; path = Pods_FaghelgappTests.framework; sourceTree = BUILT_PRODUCTS_DIR; };
		7B44F67761C6C29BE29B3E52 /* Pods-Faghelgapp.release.xcconfig */ = {isa = PBXFileReference; includeInIndex = 1; lastKnownFileType = text.xcconfig; name = "Pods-Faghelgapp.release.xcconfig"; path = "Pods/Target Support Files/Pods-Faghelgapp/Pods-Faghelgapp.release.xcconfig"; sourceTree = "<group>"; };
		84824D7E1DAE81E400D176BA /* PeopleService.swift */ = {isa = PBXFileReference; fileEncoding = 4; lastKnownFileType = sourcecode.swift; path = PeopleService.swift; sourceTree = "<group>"; };
		8484EE371E4107A900B89B6E /* Base */ = {isa = PBXFileReference; lastKnownFileType = file.storyboard; name = Base; path = Faghelgapp/Base.lproj/LaunchScreen.storyboard; sourceTree = SOURCE_ROOT; };
		84A157C11DA588A400B460FF /* Base */ = {isa = PBXFileReference; lastKnownFileType = file.storyboard; name = Base; path = Faghelgapp/Base.lproj/Main.storyboard; sourceTree = SOURCE_ROOT; };
		84A8709A1DBFE62E0090BBB3 /* UIImage+Color.swift */ = {isa = PBXFileReference; fileEncoding = 4; lastKnownFileType = sourcecode.swift; path = "UIImage+Color.swift"; sourceTree = "<group>"; };
		84BD34081E56184000D2E7C1 /* PersonDetailsConfigurator.swift */ = {isa = PBXFileReference; fileEncoding = 4; lastKnownFileType = sourcecode.swift; path = PersonDetailsConfigurator.swift; sourceTree = "<group>"; };
		84BD34091E56184000D2E7C1 /* PersonDetailsInteractor.swift */ = {isa = PBXFileReference; fileEncoding = 4; lastKnownFileType = sourcecode.swift; path = PersonDetailsInteractor.swift; sourceTree = "<group>"; };
		84BD340A1E56184000D2E7C1 /* PersonDetailsPresenter.swift */ = {isa = PBXFileReference; fileEncoding = 4; lastKnownFileType = sourcecode.swift; path = PersonDetailsPresenter.swift; sourceTree = "<group>"; };
		84BD340B1E56184000D2E7C1 /* PersonDetailsRouter.swift */ = {isa = PBXFileReference; fileEncoding = 4; lastKnownFileType = sourcecode.swift; path = PersonDetailsRouter.swift; sourceTree = "<group>"; };
		84BD340C1E56184000D2E7C1 /* PersonDetailsViewController.swift */ = {isa = PBXFileReference; fileEncoding = 4; lastKnownFileType = sourcecode.swift; path = PersonDetailsViewController.swift; sourceTree = "<group>"; };
		84BD340D1E56184000D2E7C1 /* PersonDetailsViewModel.swift */ = {isa = PBXFileReference; fileEncoding = 4; lastKnownFileType = sourcecode.swift; path = PersonDetailsViewModel.swift; sourceTree = "<group>"; };
		84BD34151E56189F00D2E7C1 /* PersonDetailsView.swift */ = {isa = PBXFileReference; fileEncoding = 4; lastKnownFileType = sourcecode.swift; path = PersonDetailsView.swift; sourceTree = "<group>"; };
		84BD34171E5618B000D2E7C1 /* PersonDetailsView.xib */ = {isa = PBXFileReference; fileEncoding = 4; lastKnownFileType = file.xib; path = PersonDetailsView.xib; sourceTree = "<group>"; };
		84C9E2D41DC8FFDC00C85042 /* UIFont+Faghelgapp.swift */ = {isa = PBXFileReference; fileEncoding = 4; lastKnownFileType = sourcecode.swift; path = "UIFont+Faghelgapp.swift"; sourceTree = "<group>"; };
		84C9E2D61DC901A100C85042 /* UIColor+Faghelgapp.swift */ = {isa = PBXFileReference; fileEncoding = 4; lastKnownFileType = sourcecode.swift; path = "UIColor+Faghelgapp.swift"; sourceTree = "<group>"; };
		84CA3AF01DBFF72200662994 /* MesanTabBarController.swift */ = {isa = PBXFileReference; fileEncoding = 4; lastKnownFileType = sourcecode.swift; path = MesanTabBarController.swift; sourceTree = "<group>"; };
		9F04D2981DBFA5A6002E3896 /* MessageService.swift */ = {isa = PBXFileReference; fileEncoding = 4; lastKnownFileType = sourcecode.swift; path = MessageService.swift; sourceTree = "<group>"; };
		9F04D29A1DBFA5FE002E3896 /* Message.swift */ = {isa = PBXFileReference; fileEncoding = 4; lastKnownFileType = sourcecode.swift; path = Message.swift; sourceTree = "<group>"; };
		9F04D2A61DBFD27A002E3896 /* MessageInput.swift */ = {isa = PBXFileReference; fileEncoding = 4; lastKnownFileType = sourcecode.swift; path = MessageInput.swift; sourceTree = "<group>"; };
		9F0D58AB1DC8FF8300555BE1 /* PushService.swift */ = {isa = PBXFileReference; fileEncoding = 4; lastKnownFileType = sourcecode.swift; path = PushService.swift; sourceTree = "<group>"; };
		9F0D58AD1DC90B2600555BE1 /* PushDevice.swift */ = {isa = PBXFileReference; fileEncoding = 4; lastKnownFileType = sourcecode.swift; path = PushDevice.swift; sourceTree = "<group>"; };
		9F16FA421E2FF196009971B3 /* PeopleEntryCell.swift */ = {isa = PBXFileReference; fileEncoding = 4; lastKnownFileType = sourcecode.swift; path = PeopleEntryCell.swift; sourceTree = "<group>"; };
		9F16FA431E2FF196009971B3 /* PeopleEntryCell.xib */ = {isa = PBXFileReference; fileEncoding = 4; lastKnownFileType = file.xib; path = PeopleEntryCell.xib; sourceTree = "<group>"; };
		9F16FA471E2FF1AA009971B3 /* PeopleHeaderCell.swift */ = {isa = PBXFileReference; fileEncoding = 4; lastKnownFileType = sourcecode.swift; path = PeopleHeaderCell.swift; sourceTree = "<group>"; };
		9F16FA481E2FF1AA009971B3 /* PeopleHeaderCell.xib */ = {isa = PBXFileReference; fileEncoding = 4; lastKnownFileType = file.xib; path = PeopleHeaderCell.xib; sourceTree = "<group>"; };
		9F16FA4C1E2FF1DB009971B3 /* TextMessageCell.swift */ = {isa = PBXFileReference; fileEncoding = 4; lastKnownFileType = sourcecode.swift; path = TextMessageCell.swift; sourceTree = "<group>"; };
		9F16FA4D1E2FF1DB009971B3 /* TextMessageCell.xib */ = {isa = PBXFileReference; fileEncoding = 4; lastKnownFileType = file.xib; path = TextMessageCell.xib; sourceTree = "<group>"; };
		9F16FA511E2FF1FC009971B3 /* ProgramEntryCell.swift */ = {isa = PBXFileReference; fileEncoding = 4; lastKnownFileType = sourcecode.swift; path = ProgramEntryCell.swift; sourceTree = "<group>"; };
		9F16FA521E2FF1FC009971B3 /* ProgramEntryCell.xib */ = {isa = PBXFileReference; fileEncoding = 4; lastKnownFileType = file.xib; path = ProgramEntryCell.xib; sourceTree = "<group>"; };
		9F16FA551E2FF217009971B3 /* ProgramView.swift */ = {isa = PBXFileReference; fileEncoding = 4; lastKnownFileType = sourcecode.swift; path = ProgramView.swift; sourceTree = "<group>"; };
		9F16FA561E2FF217009971B3 /* ProgramView.xib */ = {isa = PBXFileReference; fileEncoding = 4; lastKnownFileType = file.xib; path = ProgramView.xib; sourceTree = "<group>"; };
		9F25AFA31DA2ABFB00488CA6 /* ProgramService.swift */ = {isa = PBXFileReference; fileEncoding = 4; lastKnownFileType = sourcecode.swift; path = ProgramService.swift; sourceTree = "<group>"; };
		9F25AFA61DA2ACCD00488CA6 /* HTTPClient.swift */ = {isa = PBXFileReference; fileEncoding = 4; lastKnownFileType = sourcecode.swift; path = HTTPClient.swift; sourceTree = "<group>"; };
		9F25AFA81DA2ACF400488CA6 /* Config.swift */ = {isa = PBXFileReference; fileEncoding = 4; lastKnownFileType = sourcecode.swift; path = Config.swift; sourceTree = "<group>"; };
		9F25AFAA1DA2AD0E00488CA6 /* SeededURLSession.swift */ = {isa = PBXFileReference; fileEncoding = 4; lastKnownFileType = sourcecode.swift; path = SeededURLSession.swift; sourceTree = "<group>"; };
		9F25AFAC1DA2AD2900488CA6 /* SeededDataTask.swift */ = {isa = PBXFileReference; fileEncoding = 4; lastKnownFileType = sourcecode.swift; path = SeededDataTask.swift; sourceTree = "<group>"; };
		9F25AFAF1DA2ADA300488CA6 /* Logger.swift */ = {isa = PBXFileReference; fileEncoding = 4; lastKnownFileType = sourcecode.swift; path = Logger.swift; sourceTree = "<group>"; };
		9F25AFB11DA2AE2900488CA6 /* Constants.swift */ = {isa = PBXFileReference; fileEncoding = 4; lastKnownFileType = sourcecode.swift; path = Constants.swift; sourceTree = "<group>"; };
		9F25AFB41DA2AF6D00488CA6 /* Program.swift */ = {isa = PBXFileReference; fileEncoding = 4; lastKnownFileType = sourcecode.swift; path = Program.swift; sourceTree = "<group>"; };
		9F25AFB61DA2B04E00488CA6 /* Event.swift */ = {isa = PBXFileReference; fileEncoding = 4; lastKnownFileType = sourcecode.swift; path = Event.swift; sourceTree = "<group>"; };
		9F25AFB81DA2B0DE00488CA6 /* Person.swift */ = {isa = PBXFileReference; fileEncoding = 4; lastKnownFileType = sourcecode.swift; path = Person.swift; sourceTree = "<group>"; };
		9F25AFBB1DA2B91600488CA6 /* Date+WeekDay.swift */ = {isa = PBXFileReference; fileEncoding = 4; lastKnownFileType = sourcecode.swift; path = "Date+WeekDay.swift"; sourceTree = "<group>"; };
		9F25AFBD1DA2BF7300488CA6 /* Date+Formats.swift */ = {isa = PBXFileReference; fileEncoding = 4; lastKnownFileType = sourcecode.swift; path = "Date+Formats.swift"; sourceTree = "<group>"; };
		9F2CF2201DB6AB55004DA01F /* MesanViewController.swift */ = {isa = PBXFileReference; fileEncoding = 4; lastKnownFileType = sourcecode.swift; path = MesanViewController.swift; sourceTree = "<group>"; };
		9F2CF2221DB6AFB8004DA01F /* TokenUtil.swift */ = {isa = PBXFileReference; fileEncoding = 4; lastKnownFileType = sourcecode.swift; path = TokenUtil.swift; sourceTree = "<group>"; };
		9F5C00091E2FD60600636470 /* ProgramConfigurator.swift */ = {isa = PBXFileReference; fileEncoding = 4; lastKnownFileType = sourcecode.swift; path = ProgramConfigurator.swift; sourceTree = "<group>"; };
		9F5C000A1E2FD60600636470 /* ProgramInteractor.swift */ = {isa = PBXFileReference; fileEncoding = 4; lastKnownFileType = sourcecode.swift; path = ProgramInteractor.swift; sourceTree = "<group>"; };
		9F5C000B1E2FD60600636470 /* ProgramPresenter.swift */ = {isa = PBXFileReference; fileEncoding = 4; lastKnownFileType = sourcecode.swift; path = ProgramPresenter.swift; sourceTree = "<group>"; };
		9F5C000C1E2FD60600636470 /* ProgramRouter.swift */ = {isa = PBXFileReference; fileEncoding = 4; lastKnownFileType = sourcecode.swift; path = ProgramRouter.swift; sourceTree = "<group>"; };
		9F5C000D1E2FD60600636470 /* ProgramViewController.swift */ = {isa = PBXFileReference; fileEncoding = 4; lastKnownFileType = sourcecode.swift; path = ProgramViewController.swift; sourceTree = "<group>"; };
		9F5C000E1E2FD60600636470 /* ProgramViewModel.swift */ = {isa = PBXFileReference; fileEncoding = 4; lastKnownFileType = sourcecode.swift; path = ProgramViewModel.swift; sourceTree = "<group>"; };
		9F5C00161E2FD77000636470 /* FeedConfigurator.swift */ = {isa = PBXFileReference; fileEncoding = 4; lastKnownFileType = sourcecode.swift; path = FeedConfigurator.swift; sourceTree = "<group>"; };
		9F5C00171E2FD77000636470 /* FeedInteractor.swift */ = {isa = PBXFileReference; fileEncoding = 4; lastKnownFileType = sourcecode.swift; path = FeedInteractor.swift; sourceTree = "<group>"; };
		9F5C00181E2FD77000636470 /* FeedPresenter.swift */ = {isa = PBXFileReference; fileEncoding = 4; lastKnownFileType = sourcecode.swift; path = FeedPresenter.swift; sourceTree = "<group>"; };
		9F5C00191E2FD77000636470 /* FeedRouter.swift */ = {isa = PBXFileReference; fileEncoding = 4; lastKnownFileType = sourcecode.swift; path = FeedRouter.swift; sourceTree = "<group>"; };
		9F5C001A1E2FD77000636470 /* FeedViewController.swift */ = {isa = PBXFileReference; fileEncoding = 4; lastKnownFileType = sourcecode.swift; path = FeedViewController.swift; sourceTree = "<group>"; };
		9F5C001B1E2FD77000636470 /* FeedViewModel.swift */ = {isa = PBXFileReference; fileEncoding = 4; lastKnownFileType = sourcecode.swift; path = FeedViewModel.swift; sourceTree = "<group>"; };
		9F5C00231E2FD7F200636470 /* PeopleConfigurator.swift */ = {isa = PBXFileReference; fileEncoding = 4; lastKnownFileType = sourcecode.swift; path = PeopleConfigurator.swift; sourceTree = "<group>"; };
		9F5C00241E2FD7F200636470 /* PeopleInteractor.swift */ = {isa = PBXFileReference; fileEncoding = 4; lastKnownFileType = sourcecode.swift; path = PeopleInteractor.swift; sourceTree = "<group>"; };
		9F5C00251E2FD7F200636470 /* PeoplePresenter.swift */ = {isa = PBXFileReference; fileEncoding = 4; lastKnownFileType = sourcecode.swift; path = PeoplePresenter.swift; sourceTree = "<group>"; };
		9F5C00261E2FD7F200636470 /* PeopleRouter.swift */ = {isa = PBXFileReference; fileEncoding = 4; lastKnownFileType = sourcecode.swift; path = PeopleRouter.swift; sourceTree = "<group>"; };
		9F5C00271E2FD7F200636470 /* PeopleViewController.swift */ = {isa = PBXFileReference; fileEncoding = 4; lastKnownFileType = sourcecode.swift; path = PeopleViewController.swift; sourceTree = "<group>"; };
		9F5C00281E2FD7F200636470 /* PeopleViewModel.swift */ = {isa = PBXFileReference; fileEncoding = 4; lastKnownFileType = sourcecode.swift; path = PeopleViewModel.swift; sourceTree = "<group>"; };
		9F5C00301E2FD85B00636470 /* NewMessageConfigurator.swift */ = {isa = PBXFileReference; fileEncoding = 4; lastKnownFileType = sourcecode.swift; path = NewMessageConfigurator.swift; sourceTree = "<group>"; };
		9F5C00311E2FD85B00636470 /* NewMessageInteractor.swift */ = {isa = PBXFileReference; fileEncoding = 4; lastKnownFileType = sourcecode.swift; path = NewMessageInteractor.swift; sourceTree = "<group>"; };
		9F5C00321E2FD85B00636470 /* NewMessagePresenter.swift */ = {isa = PBXFileReference; fileEncoding = 4; lastKnownFileType = sourcecode.swift; path = NewMessagePresenter.swift; sourceTree = "<group>"; };
		9F5C00331E2FD85B00636470 /* NewMessageRouter.swift */ = {isa = PBXFileReference; fileEncoding = 4; lastKnownFileType = sourcecode.swift; path = NewMessageRouter.swift; sourceTree = "<group>"; };
		9F5C00341E2FD85B00636470 /* NewMessageViewController.swift */ = {isa = PBXFileReference; fileEncoding = 4; lastKnownFileType = sourcecode.swift; path = NewMessageViewController.swift; sourceTree = "<group>"; };
		9F5C00351E2FD85B00636470 /* NewMessageViewModel.swift */ = {isa = PBXFileReference; fileEncoding = 4; lastKnownFileType = sourcecode.swift; path = NewMessageViewModel.swift; sourceTree = "<group>"; };
		9F5C003D1E2FDC4900636470 /* NewMessageView.swift */ = {isa = PBXFileReference; fileEncoding = 4; lastKnownFileType = sourcecode.swift; path = NewMessageView.swift; sourceTree = "<group>"; };
		9F5C003E1E2FDC4900636470 /* NewMessageView.xib */ = {isa = PBXFileReference; fileEncoding = 4; lastKnownFileType = file.xib; path = NewMessageView.xib; sourceTree = "<group>"; };
		9F5DC4AA1DB16D87001FDCD2 /* EventsViewController.swift */ = {isa = PBXFileReference; fileEncoding = 4; lastKnownFileType = sourcecode.swift; path = EventsViewController.swift; sourceTree = "<group>"; };
		9F5DC4AC1DB16E43001FDCD2 /* EventPageViewController.swift */ = {isa = PBXFileReference; fileEncoding = 4; lastKnownFileType = sourcecode.swift; path = EventPageViewController.swift; sourceTree = "<group>"; };
		9F5DC4AE1DB16F68001FDCD2 /* EventViewController.swift */ = {isa = PBXFileReference; fileEncoding = 4; lastKnownFileType = sourcecode.swift; path = EventViewController.swift; sourceTree = "<group>"; };
		9F5DC4B01DB173D3001FDCD2 /* EventView.xib */ = {isa = PBXFileReference; fileEncoding = 4; lastKnownFileType = file.xib; path = EventView.xib; sourceTree = "<group>"; };
		9F7F0EFC1E411C9F001BBE9C /* ImageMessageCell.swift */ = {isa = PBXFileReference; fileEncoding = 4; lastKnownFileType = sourcecode.swift; path = ImageMessageCell.swift; sourceTree = "<group>"; };
		9F7F0EFE1E411CC3001BBE9C /* ImageMessageCell.xib */ = {isa = PBXFileReference; fileEncoding = 4; lastKnownFileType = file.xib; path = ImageMessageCell.xib; sourceTree = "<group>"; };
		9F9901601DB69A6A0043633A /* LogInViewController.swift */ = {isa = PBXFileReference; fileEncoding = 4; lastKnownFileType = sourcecode.swift; path = LogInViewController.swift; sourceTree = "<group>"; };
		9FA887B01DC9293D006CF37C /* Faghelgapp.entitlements */ = {isa = PBXFileReference; lastKnownFileType = text.plist.entitlements; path = Faghelgapp.entitlements; sourceTree = "<group>"; };
		9FB3298F1E2FDE670056AB56 /* ImagePicking.swift */ = {isa = PBXFileReference; fileEncoding = 4; lastKnownFileType = sourcecode.swift; path = ImagePicking.swift; sourceTree = "<group>"; };
		9FBD772E1E2FEE41000E0A1D /* ImageEncoder.swift */ = {isa = PBXFileReference; fileEncoding = 4; lastKnownFileType = sourcecode.swift; path = ImageEncoder.swift; sourceTree = "<group>"; };
		9FBD77321E2FEFC8000E0A1D /* FeedView.swift */ = {isa = PBXFileReference; fileEncoding = 4; lastKnownFileType = sourcecode.swift; path = FeedView.swift; sourceTree = "<group>"; };
		9FBD77331E2FEFC8000E0A1D /* FeedView.xib */ = {isa = PBXFileReference; fileEncoding = 4; lastKnownFileType = file.xib; path = FeedView.xib; sourceTree = "<group>"; };
		9FBD773A1E2FF063000E0A1D /* PeopleView.swift */ = {isa = PBXFileReference; fileEncoding = 4; lastKnownFileType = sourcecode.swift; path = PeopleView.swift; sourceTree = "<group>"; };
		9FBD773B1E2FF063000E0A1D /* PeopleView.xib */ = {isa = PBXFileReference; fileEncoding = 4; lastKnownFileType = file.xib; path = PeopleView.xib; sourceTree = "<group>"; };
		9FCF1BDF1DAEB93000F6A3D5 /* EventScrollerView.swift */ = {isa = PBXFileReference; fileEncoding = 4; lastKnownFileType = sourcecode.swift; path = EventScrollerView.swift; sourceTree = "<group>"; };
		9FCF1BE11DAEB93A00F6A3D5 /* EventScrollerView.xib */ = {isa = PBXFileReference; fileEncoding = 4; lastKnownFileType = file.xib; path = EventScrollerView.xib; sourceTree = "<group>"; };
		9FCF1BE41DAEBAA900F6A3D5 /* EventScrollerCell.swift */ = {isa = PBXFileReference; fileEncoding = 4; lastKnownFileType = sourcecode.swift; path = EventScrollerCell.swift; sourceTree = "<group>"; };
		9FEB71A21D9ACD1200BBFA54 /* NibLoadingView.swift */ = {isa = PBXFileReference; fileEncoding = 4; lastKnownFileType = sourcecode.swift; path = NibLoadingView.swift; sourceTree = "<group>"; };
		9FEB71B31D9AE94D00BBFA54 /* Day.swift */ = {isa = PBXFileReference; fileEncoding = 4; lastKnownFileType = sourcecode.swift; path = Day.swift; sourceTree = "<group>"; };
		9FEC6A011DAE8B8500EA1D1C /* Roboto-Black.ttf */ = {isa = PBXFileReference; lastKnownFileType = file; path = "Roboto-Black.ttf"; sourceTree = "<group>"; };
		9FEC6A021DAE8B8500EA1D1C /* Roboto-BlackItalic.ttf */ = {isa = PBXFileReference; lastKnownFileType = file; path = "Roboto-BlackItalic.ttf"; sourceTree = "<group>"; };
		9FEC6A031DAE8B8500EA1D1C /* Roboto-Bold.ttf */ = {isa = PBXFileReference; lastKnownFileType = file; path = "Roboto-Bold.ttf"; sourceTree = "<group>"; };
		9FEC6A041DAE8B8500EA1D1C /* Roboto-BoldItalic.ttf */ = {isa = PBXFileReference; lastKnownFileType = file; path = "Roboto-BoldItalic.ttf"; sourceTree = "<group>"; };
		9FEC6A051DAE8B8500EA1D1C /* Roboto-Italic.ttf */ = {isa = PBXFileReference; lastKnownFileType = file; path = "Roboto-Italic.ttf"; sourceTree = "<group>"; };
		9FEC6A061DAE8B8500EA1D1C /* Roboto-Light.ttf */ = {isa = PBXFileReference; lastKnownFileType = file; path = "Roboto-Light.ttf"; sourceTree = "<group>"; };
		9FEC6A071DAE8B8500EA1D1C /* Roboto-LightItalic.ttf */ = {isa = PBXFileReference; lastKnownFileType = file; path = "Roboto-LightItalic.ttf"; sourceTree = "<group>"; };
		9FEC6A081DAE8B8500EA1D1C /* Roboto-Medium.ttf */ = {isa = PBXFileReference; lastKnownFileType = file; path = "Roboto-Medium.ttf"; sourceTree = "<group>"; };
		9FEC6A091DAE8B8500EA1D1C /* Roboto-MediumItalic.ttf */ = {isa = PBXFileReference; lastKnownFileType = file; path = "Roboto-MediumItalic.ttf"; sourceTree = "<group>"; };
		9FEC6A0A1DAE8B8500EA1D1C /* Roboto-Regular.ttf */ = {isa = PBXFileReference; lastKnownFileType = file; path = "Roboto-Regular.ttf"; sourceTree = "<group>"; };
		9FEC6A0B1DAE8B8500EA1D1C /* Roboto-Thin.ttf */ = {isa = PBXFileReference; lastKnownFileType = file; path = "Roboto-Thin.ttf"; sourceTree = "<group>"; };
		9FEC6A0C1DAE8B8500EA1D1C /* Roboto-ThinItalic.ttf */ = {isa = PBXFileReference; lastKnownFileType = file; path = "Roboto-ThinItalic.ttf"; sourceTree = "<group>"; };
		9FEC6A1A1DAE8CF500EA1D1C /* EventView.swift */ = {isa = PBXFileReference; fileEncoding = 4; lastKnownFileType = sourcecode.swift; path = EventView.swift; sourceTree = "<group>"; };
		9FEC6A1C1DAE8D3400EA1D1C /* EventScrollerCell.xib */ = {isa = PBXFileReference; fileEncoding = 4; lastKnownFileType = file.xib; name = EventScrollerCell.xib; path = ../../Event/EventScrollerCell.xib; sourceTree = "<group>"; };
		B14678CB1DC8FEB8007CF61B /* DateFormatter+TimeSince.swift */ = {isa = PBXFileReference; fileEncoding = 4; lastKnownFileType = sourcecode.swift; path = "DateFormatter+TimeSince.swift"; sourceTree = "<group>"; };
		B192B5961D9AC9A200C8B9C2 /* Faghelgapp.app */ = {isa = PBXFileReference; explicitFileType = wrapper.application; includeInIndex = 0; path = Faghelgapp.app; sourceTree = BUILT_PRODUCTS_DIR; };
		B192B5991D9AC9A200C8B9C2 /* AppDelegate.swift */ = {isa = PBXFileReference; lastKnownFileType = sourcecode.swift; path = AppDelegate.swift; sourceTree = "<group>"; };
		B192B5A01D9AC9A200C8B9C2 /* Assets.xcassets */ = {isa = PBXFileReference; lastKnownFileType = folder.assetcatalog; path = Assets.xcassets; sourceTree = "<group>"; };
		B192B5A51D9AC9A200C8B9C2 /* Info.plist */ = {isa = PBXFileReference; lastKnownFileType = text.plist.xml; path = Info.plist; sourceTree = "<group>"; };
		B192B5AA1D9AC9A200C8B9C2 /* FaghelgappTests.xctest */ = {isa = PBXFileReference; explicitFileType = wrapper.cfbundle; includeInIndex = 0; path = FaghelgappTests.xctest; sourceTree = BUILT_PRODUCTS_DIR; };
		B192B5AE1D9AC9A200C8B9C2 /* FaghelgappTests.swift */ = {isa = PBXFileReference; lastKnownFileType = sourcecode.swift; path = FaghelgappTests.swift; sourceTree = "<group>"; };
		B192B5B01D9AC9A200C8B9C2 /* Info.plist */ = {isa = PBXFileReference; lastKnownFileType = text.plist.xml; path = Info.plist; sourceTree = "<group>"; };
		CD2D24CA29C7CA7FDB04833B /* Pods-FaghelgappTests.debug.xcconfig */ = {isa = PBXFileReference; includeInIndex = 1; lastKnownFileType = text.xcconfig; name = "Pods-FaghelgappTests.debug.xcconfig"; path = "Pods/Target Support Files/Pods-FaghelgappTests/Pods-FaghelgappTests.debug.xcconfig"; sourceTree = "<group>"; };
		D445080685542BFDD16F65C9 /* Pods_Faghelgapp.framework */ = {isa = PBXFileReference; explicitFileType = wrapper.framework; includeInIndex = 0; path = Pods_Faghelgapp.framework; sourceTree = BUILT_PRODUCTS_DIR; };
		E1F5B2A71F96647300A13B56 /* NibDesignable.swift */ = {isa = PBXFileReference; fileEncoding = 4; lastKnownFileType = sourcecode.swift; path = NibDesignable.swift; sourceTree = "<group>"; };
		E1F5B2AB1F9670EC00A13B56 /* GoogleService-Info.plist */ = {isa = PBXFileReference; fileEncoding = 4; lastKnownFileType = text.plist.xml; name = "GoogleService-Info.plist"; path = "../../../../Downloads/GoogleService-Info.plist"; sourceTree = "<group>"; };
		E1F5B2AD1F96853100A13B56 /* AuthService.swift */ = {isa = PBXFileReference; lastKnownFileType = sourcecode.swift; path = AuthService.swift; sourceTree = "<group>"; };
/* End PBXFileReference section */

/* Begin PBXFrameworksBuildPhase section */
		B192B5931D9AC9A200C8B9C2 /* Frameworks */ = {
			isa = PBXFrameworksBuildPhase;
			buildActionMask = 2147483647;
			files = (
				F282C3126DA1F03752C791B9 /* Pods_Faghelgapp.framework in Frameworks */,
			);
			runOnlyForDeploymentPostprocessing = 0;
		};
		B192B5A71D9AC9A200C8B9C2 /* Frameworks */ = {
			isa = PBXFrameworksBuildPhase;
			buildActionMask = 2147483647;
			files = (
				1F8B5060BDFFE7DB6FC4AA8C /* Pods_FaghelgappTests.framework in Frameworks */,
			);
			runOnlyForDeploymentPostprocessing = 0;
		};
/* End PBXFrameworksBuildPhase section */

/* Begin PBXGroup section */
		1F1194DF1E562F8A00838CB3 /* LoadingView */ = {
			isa = PBXGroup;
			children = (
				1F1194E01E562FC300838CB3 /* LoadingView.swift */,
				1F1194E21E5630C300838CB3 /* LoadingView.xib */,
			);
			name = LoadingView;
			sourceTree = "<group>";
		};
		1F2DC8671EA9222200B5B411 /* View */ = {
			isa = PBXGroup;
			children = (
				1F41090B1E7728DB0028ACFA /* FullscreenImageView.swift */,
				1F41090C1E7728DB0028ACFA /* FullscreenImageView.xib */,
			);
			name = View;
			sourceTree = "<group>";
		};
		1F4109061E77289A0028ACFA /* FullscreenImage */ = {
			isa = PBXGroup;
			children = (
				1F2DC8671EA9222200B5B411 /* View */,
				1F4109071E7728DB0028ACFA /* FullscreenImageConfigurator.swift */,
				1F41090A1E7728DB0028ACFA /* FullscreenImageRouter.swift */,
				1F41090D1E7728DB0028ACFA /* FullscreenImageViewController.swift */,
			);
			path = FullscreenImage;
			sourceTree = "<group>";
		};
		84BD34071E5617E400D2E7C1 /* PersonDetails */ = {
			isa = PBXGroup;
			children = (
				84BD34141E56185300D2E7C1 /* view */,
				84BD34081E56184000D2E7C1 /* PersonDetailsConfigurator.swift */,
				84BD34091E56184000D2E7C1 /* PersonDetailsInteractor.swift */,
				84BD340A1E56184000D2E7C1 /* PersonDetailsPresenter.swift */,
				84BD340B1E56184000D2E7C1 /* PersonDetailsRouter.swift */,
				84BD340C1E56184000D2E7C1 /* PersonDetailsViewController.swift */,
				84BD340D1E56184000D2E7C1 /* PersonDetailsViewModel.swift */,
			);
			path = PersonDetails;
			sourceTree = "<group>";
		};
		84BD34141E56185300D2E7C1 /* view */ = {
			isa = PBXGroup;
			children = (
				84BD34151E56189F00D2E7C1 /* PersonDetailsView.swift */,
				84BD34171E5618B000D2E7C1 /* PersonDetailsView.xib */,
			);
			path = view;
			sourceTree = "<group>";
		};
		9F16FA411E2FF181009971B3 /* PeopleEntryCell */ = {
			isa = PBXGroup;
			children = (
				9F16FA421E2FF196009971B3 /* PeopleEntryCell.swift */,
				9F16FA431E2FF196009971B3 /* PeopleEntryCell.xib */,
			);
			path = PeopleEntryCell;
			sourceTree = "<group>";
		};
		9F16FA461E2FF199009971B3 /* PeopleHeaderCell */ = {
			isa = PBXGroup;
			children = (
				9F16FA471E2FF1AA009971B3 /* PeopleHeaderCell.swift */,
				9F16FA481E2FF1AA009971B3 /* PeopleHeaderCell.xib */,
			);
			path = PeopleHeaderCell;
			sourceTree = "<group>";
		};
		9F16FA4B1E2FF1C9009971B3 /* Cells */ = {
			isa = PBXGroup;
			children = (
				9F16FA4C1E2FF1DB009971B3 /* TextMessageCell.swift */,
				9F16FA4D1E2FF1DB009971B3 /* TextMessageCell.xib */,
				9F7F0EFC1E411C9F001BBE9C /* ImageMessageCell.swift */,
				9F7F0EFE1E411CC3001BBE9C /* ImageMessageCell.xib */,
			);
			path = Cells;
			sourceTree = "<group>";
		};
		9F16FA501E2FF1EC009971B3 /* ProgramEntryCell */ = {
			isa = PBXGroup;
			children = (
				9F16FA511E2FF1FC009971B3 /* ProgramEntryCell.swift */,
				9F16FA521E2FF1FC009971B3 /* ProgramEntryCell.xib */,
			);
			path = ProgramEntryCell;
			sourceTree = "<group>";
		};
		9F25AFA21DA2ABCD00488CA6 /* Services */ = {
			isa = PBXGroup;
			children = (
				9F25AFA31DA2ABFB00488CA6 /* ProgramService.swift */,
				84824D7E1DAE81E400D176BA /* PeopleService.swift */,
				9F04D2981DBFA5A6002E3896 /* MessageService.swift */,
				9F0D58AB1DC8FF8300555BE1 /* PushService.swift */,
				E1F5B2AD1F96853100A13B56 /* AuthService.swift */,
			);
			path = Services;
			sourceTree = "<group>";
		};
		9F25AFA51DA2ACB200488CA6 /* Network */ = {
			isa = PBXGroup;
			children = (
				9F25AFA61DA2ACCD00488CA6 /* HTTPClient.swift */,
				9F25AFA81DA2ACF400488CA6 /* Config.swift */,
				9F25AFAA1DA2AD0E00488CA6 /* SeededURLSession.swift */,
				9F25AFAC1DA2AD2900488CA6 /* SeededDataTask.swift */,
			);
			path = Network;
			sourceTree = "<group>";
		};
		9F25AFAE1DA2AD9200488CA6 /* Utils */ = {
			isa = PBXGroup;
			children = (
				9F25AFAF1DA2ADA300488CA6 /* Logger.swift */,
				9F2CF2221DB6AFB8004DA01F /* TokenUtil.swift */,
				9FBD772E1E2FEE41000E0A1D /* ImageEncoder.swift */,
			);
			path = Utils;
			sourceTree = "<group>";
		};
		9F25AFB31DA2AF5900488CA6 /* Models */ = {
			isa = PBXGroup;
			children = (
				9F25AFB41DA2AF6D00488CA6 /* Program.swift */,
				9F25AFB61DA2B04E00488CA6 /* Event.swift */,
				9F25AFB81DA2B0DE00488CA6 /* Person.swift */,
				9F04D29A1DBFA5FE002E3896 /* Message.swift */,
				9F04D2A61DBFD27A002E3896 /* MessageInput.swift */,
				9F0D58AD1DC90B2600555BE1 /* PushDevice.swift */,
			);
			path = Models;
			sourceTree = "<group>";
		};
		9F25AFBA1DA2B8FF00488CA6 /* Extensions */ = {
			isa = PBXGroup;
			children = (
				9F25AFBB1DA2B91600488CA6 /* Date+WeekDay.swift */,
				9F25AFBD1DA2BF7300488CA6 /* Date+Formats.swift */,
				84A8709A1DBFE62E0090BBB3 /* UIImage+Color.swift */,
				B14678CB1DC8FEB8007CF61B /* DateFormatter+TimeSince.swift */,
				84C9E2D41DC8FFDC00C85042 /* UIFont+Faghelgapp.swift */,
				84C9E2D61DC901A100C85042 /* UIColor+Faghelgapp.swift */,
			);
			path = Extensions;
			sourceTree = "<group>";
		};
		9F5C00071E2FD5BF00636470 /* Scenes */ = {
			isa = PBXGroup;
			children = (
				84BD34071E5617E400D2E7C1 /* PersonDetails */,
				1F4109061E77289A0028ACFA /* FullscreenImage */,
				9F5C002F1E2FD84200636470 /* NewMessage */,
				9F5C00221E2FD7DC00636470 /* People */,
				9F5C00151E2FD75400636470 /* Feed */,
				9F5C00081E2FD5E700636470 /* Program */,
			);
			path = Scenes;
			sourceTree = "<group>";
		};
		9F5C00081E2FD5E700636470 /* Program */ = {
			isa = PBXGroup;
			children = (
				9FBD77401E2FF07A000E0A1D /* View */,
				9F5C00091E2FD60600636470 /* ProgramConfigurator.swift */,
				9F5C000A1E2FD60600636470 /* ProgramInteractor.swift */,
				9F5C000B1E2FD60600636470 /* ProgramPresenter.swift */,
				9F5C000C1E2FD60600636470 /* ProgramRouter.swift */,
				9F5C000D1E2FD60600636470 /* ProgramViewController.swift */,
				9F5C000E1E2FD60600636470 /* ProgramViewModel.swift */,
			);
			path = Program;
			sourceTree = "<group>";
		};
		9F5C00151E2FD75400636470 /* Feed */ = {
			isa = PBXGroup;
			children = (
				9FBD77301E2FEF79000E0A1D /* View */,
				9F5C00161E2FD77000636470 /* FeedConfigurator.swift */,
				9F5C00171E2FD77000636470 /* FeedInteractor.swift */,
				9F5C00181E2FD77000636470 /* FeedPresenter.swift */,
				9F5C00191E2FD77000636470 /* FeedRouter.swift */,
				9F5C001A1E2FD77000636470 /* FeedViewController.swift */,
				9F5C001B1E2FD77000636470 /* FeedViewModel.swift */,
			);
			path = Feed;
			sourceTree = "<group>";
		};
		9F5C00221E2FD7DC00636470 /* People */ = {
			isa = PBXGroup;
			children = (
				9FBD77371E2FF019000E0A1D /* View */,
				9F5C00231E2FD7F200636470 /* PeopleConfigurator.swift */,
				9F5C00241E2FD7F200636470 /* PeopleInteractor.swift */,
				9F5C00251E2FD7F200636470 /* PeoplePresenter.swift */,
				9F5C00261E2FD7F200636470 /* PeopleRouter.swift */,
				9F5C00271E2FD7F200636470 /* PeopleViewController.swift */,
				9F5C00281E2FD7F200636470 /* PeopleViewModel.swift */,
			);
			path = People;
			sourceTree = "<group>";
		};
		9F5C002F1E2FD84200636470 /* NewMessage */ = {
			isa = PBXGroup;
			children = (
				9F5C003C1E2FDC0000636470 /* View */,
				9F5C00301E2FD85B00636470 /* NewMessageConfigurator.swift */,
				9F5C00311E2FD85B00636470 /* NewMessageInteractor.swift */,
				9F5C00321E2FD85B00636470 /* NewMessagePresenter.swift */,
				9F5C00331E2FD85B00636470 /* NewMessageRouter.swift */,
				9F5C00341E2FD85B00636470 /* NewMessageViewController.swift */,
				9F5C00351E2FD85B00636470 /* NewMessageViewModel.swift */,
			);
			path = NewMessage;
			sourceTree = "<group>";
		};
		9F5C003C1E2FDC0000636470 /* View */ = {
			isa = PBXGroup;
			children = (
				9F5C003D1E2FDC4900636470 /* NewMessageView.swift */,
				9F5C003E1E2FDC4900636470 /* NewMessageView.xib */,
			);
			path = View;
			sourceTree = "<group>";
		};
		9FB3298E1E2FDE510056AB56 /* Protocols */ = {
			isa = PBXGroup;
			children = (
				9FB3298F1E2FDE670056AB56 /* ImagePicking.swift */,
				1F1194E61E56333D00838CB3 /* Loading.swift */,
			);
			path = Protocols;
			sourceTree = "<group>";
		};
		9FBD77301E2FEF79000E0A1D /* View */ = {
			isa = PBXGroup;
			children = (
				9F16FA4B1E2FF1C9009971B3 /* Cells */,
				9FBD77321E2FEFC8000E0A1D /* FeedView.swift */,
				9FBD77331E2FEFC8000E0A1D /* FeedView.xib */,
			);
			path = View;
			sourceTree = "<group>";
		};
		9FBD77371E2FF019000E0A1D /* View */ = {
			isa = PBXGroup;
			children = (
				9F16FA461E2FF199009971B3 /* PeopleHeaderCell */,
				9F16FA411E2FF181009971B3 /* PeopleEntryCell */,
				9FBD773A1E2FF063000E0A1D /* PeopleView.swift */,
				9FBD773B1E2FF063000E0A1D /* PeopleView.xib */,
			);
			path = View;
			sourceTree = "<group>";
		};
		9FBD77401E2FF07A000E0A1D /* View */ = {
			isa = PBXGroup;
			children = (
				9F16FA551E2FF217009971B3 /* ProgramView.swift */,
				9F16FA561E2FF217009971B3 /* ProgramView.xib */,
				9F16FA501E2FF1EC009971B3 /* ProgramEntryCell */,
			);
			path = View;
			sourceTree = "<group>";
		};
		9FCF1BDE1DAEB90E00F6A3D5 /* EventScrollerView */ = {
			isa = PBXGroup;
			children = (
				9FCF1BE31DAEBA7E00F6A3D5 /* EventScrollerCell */,
				9FCF1BDF1DAEB93000F6A3D5 /* EventScrollerView.swift */,
				9FCF1BE11DAEB93A00F6A3D5 /* EventScrollerView.xib */,
			);
			name = EventScrollerView;
			path = EventScroller;
			sourceTree = "<group>";
		};
		9FCF1BE31DAEBA7E00F6A3D5 /* EventScrollerCell */ = {
			isa = PBXGroup;
			children = (
				9FCF1BE41DAEBAA900F6A3D5 /* EventScrollerCell.swift */,
				9FEC6A1C1DAE8D3400EA1D1C /* EventScrollerCell.xib */,
			);
			path = EventScrollerCell;
			sourceTree = "<group>";
		};
		9FEB719A1D9ACC2300BBFA54 /* Storyboards */ = {
			isa = PBXGroup;
			children = (
				8484EE361E4107A900B89B6E /* LaunchScreen.storyboard */,
				84A157C01DA588A400B460FF /* Main.storyboard */,
			);
			path = Storyboards;
			sourceTree = "<group>";
		};
		9FEB719B1D9ACC6D00BBFA54 /* ViewControllers */ = {
			isa = PBXGroup;
			children = (
				9F5DC4AA1DB16D87001FDCD2 /* EventsViewController.swift */,
				9F5DC4AC1DB16E43001FDCD2 /* EventPageViewController.swift */,
				9F5DC4AE1DB16F68001FDCD2 /* EventViewController.swift */,
				9F9901601DB69A6A0043633A /* LogInViewController.swift */,
				9F2CF2201DB6AB55004DA01F /* MesanViewController.swift */,
				1F1194E41E56326900838CB3 /* LoadingViewController.swift */,
			);
			path = ViewControllers;
			sourceTree = "<group>";
		};
		9FEB719C1D9ACC8700BBFA54 /* Views */ = {
			isa = PBXGroup;
			children = (
				1F1194DF1E562F8A00838CB3 /* LoadingView */,
				9FEC6A191DAE8CDD00EA1D1C /* EventView */,
				9FCF1BDE1DAEB90E00F6A3D5 /* EventScrollerView */,
				9FEB71A21D9ACD1200BBFA54 /* NibLoadingView.swift */,
			);
			path = Views;
			sourceTree = "<group>";
		};
		9FEB71B21D9AE93200BBFA54 /* Enums */ = {
			isa = PBXGroup;
			children = (
				9FEB71B31D9AE94D00BBFA54 /* Day.swift */,
			);
			path = Enums;
			sourceTree = "<group>";
		};
		9FEC6A001DAE8B4D00EA1D1C /* Fonts */ = {
			isa = PBXGroup;
			children = (
				9FEC6A011DAE8B8500EA1D1C /* Roboto-Black.ttf */,
				9FEC6A021DAE8B8500EA1D1C /* Roboto-BlackItalic.ttf */,
				9FEC6A031DAE8B8500EA1D1C /* Roboto-Bold.ttf */,
				9FEC6A041DAE8B8500EA1D1C /* Roboto-BoldItalic.ttf */,
				9FEC6A051DAE8B8500EA1D1C /* Roboto-Italic.ttf */,
				9FEC6A061DAE8B8500EA1D1C /* Roboto-Light.ttf */,
				9FEC6A071DAE8B8500EA1D1C /* Roboto-LightItalic.ttf */,
				9FEC6A081DAE8B8500EA1D1C /* Roboto-Medium.ttf */,
				9FEC6A091DAE8B8500EA1D1C /* Roboto-MediumItalic.ttf */,
				9FEC6A0A1DAE8B8500EA1D1C /* Roboto-Regular.ttf */,
				9FEC6A0B1DAE8B8500EA1D1C /* Roboto-Thin.ttf */,
				9FEC6A0C1DAE8B8500EA1D1C /* Roboto-ThinItalic.ttf */,
			);
			path = Fonts;
			sourceTree = "<group>";
		};
		9FEC6A191DAE8CDD00EA1D1C /* EventView */ = {
			isa = PBXGroup;
			children = (
				9FEC6A1A1DAE8CF500EA1D1C /* EventView.swift */,
				9F5DC4B01DB173D3001FDCD2 /* EventView.xib */,
			);
			name = EventView;
			path = Event;
			sourceTree = "<group>";
		};
		AC68E73D3C13F147BB819417 /* Pods */ = {
			isa = PBXGroup;
			children = (
				32452F3C2530CF3E4413DD5C /* Pods-Faghelgapp.debug.xcconfig */,
				7B44F67761C6C29BE29B3E52 /* Pods-Faghelgapp.release.xcconfig */,
				CD2D24CA29C7CA7FDB04833B /* Pods-FaghelgappTests.debug.xcconfig */,
				0AAE2BEED2A4853F25553F07 /* Pods-FaghelgappTests.release.xcconfig */,
			);
			name = Pods;
			sourceTree = "<group>";
		};
		B192B58D1D9AC9A200C8B9C2 = {
			isa = PBXGroup;
			children = (
				B192B5981D9AC9A200C8B9C2 /* Faghelgapp */,
				B192B5AD1D9AC9A200C8B9C2 /* FaghelgappTests */,
				B192B5971D9AC9A200C8B9C2 /* Products */,
				AC68E73D3C13F147BB819417 /* Pods */,
				DDFC3D08168E12F909594D5E /* Frameworks */,
			);
			sourceTree = "<group>";
		};
		B192B5971D9AC9A200C8B9C2 /* Products */ = {
			isa = PBXGroup;
			children = (
				B192B5961D9AC9A200C8B9C2 /* Faghelgapp.app */,
				B192B5AA1D9AC9A200C8B9C2 /* FaghelgappTests.xctest */,
			);
			name = Products;
			sourceTree = "<group>";
		};
		B192B5981D9AC9A200C8B9C2 /* Faghelgapp */ = {
			isa = PBXGroup;
			children = (
				E1F5B2AB1F9670EC00A13B56 /* GoogleService-Info.plist */,
				E1F5B2A71F96647300A13B56 /* NibDesignable.swift */,
				9FA887B01DC9293D006CF37C /* Faghelgapp.entitlements */,
				B192B5991D9AC9A200C8B9C2 /* AppDelegate.swift */,
				B192B5A01D9AC9A200C8B9C2 /* Assets.xcassets */,
				B192B5A51D9AC9A200C8B9C2 /* Info.plist */,
				9F25AFB11DA2AE2900488CA6 /* Constants.swift */,
				84CA3AF01DBFF72200662994 /* MesanTabBarController.swift */,
				9FEB719A1D9ACC2300BBFA54 /* Storyboards */,
				9F5C00071E2FD5BF00636470 /* Scenes */,
				9F25AFA21DA2ABCD00488CA6 /* Services */,
				9F25AFB31DA2AF5900488CA6 /* Models */,
				9F25AFBA1DA2B8FF00488CA6 /* Extensions */,
				9F25AFA51DA2ACB200488CA6 /* Network */,
				9FEB71B21D9AE93200BBFA54 /* Enums */,
				9F25AFAE1DA2AD9200488CA6 /* Utils */,
				9FEB719C1D9ACC8700BBFA54 /* Views */,
				9FEB719B1D9ACC6D00BBFA54 /* ViewControllers */,
				9FB3298E1E2FDE510056AB56 /* Protocols */,
				9FEC6A001DAE8B4D00EA1D1C /* Fonts */,
			);
			path = Faghelgapp;
			sourceTree = "<group>";
		};
		B192B5AD1D9AC9A200C8B9C2 /* FaghelgappTests */ = {
			isa = PBXGroup;
			children = (
				B192B5AE1D9AC9A200C8B9C2 /* FaghelgappTests.swift */,
				B192B5B01D9AC9A200C8B9C2 /* Info.plist */,
			);
			path = FaghelgappTests;
			sourceTree = "<group>";
		};
		DDFC3D08168E12F909594D5E /* Frameworks */ = {
			isa = PBXGroup;
			children = (
				D445080685542BFDD16F65C9 /* Pods_Faghelgapp.framework */,
				544BC935E3966EC9C83606CA /* Pods_FaghelgappTests.framework */,
			);
			name = Frameworks;
			sourceTree = "<group>";
		};
/* End PBXGroup section */

/* Begin PBXNativeTarget section */
		B192B5951D9AC9A200C8B9C2 /* Faghelgapp */ = {
			isa = PBXNativeTarget;
			buildConfigurationList = B192B5B31D9AC9A200C8B9C2 /* Build configuration list for PBXNativeTarget "Faghelgapp" */;
			buildPhases = (
				B7CA4F7D15FD0A455F59E384 /* [CP] Check Pods Manifest.lock */,
				B192B5921D9AC9A200C8B9C2 /* Sources */,
				B192B5931D9AC9A200C8B9C2 /* Frameworks */,
				B192B5941D9AC9A200C8B9C2 /* Resources */,
				F2CFACF09EDDF74C30909624 /* [CP] Embed Pods Frameworks */,
				1103B2F8D4038E3A5403087E /* [CP] Copy Pods Resources */,
				9F04D2971DBFA2D6002E3896 /* ShellScript */,
				E11E47C21F7412E90082DDCE /* ShellScript */,
			);
			buildRules = (
			);
			dependencies = (
			);
			name = Faghelgapp;
			productName = Faghelgapp;
			productReference = B192B5961D9AC9A200C8B9C2 /* Faghelgapp.app */;
			productType = "com.apple.product-type.application";
		};
		B192B5A91D9AC9A200C8B9C2 /* FaghelgappTests */ = {
			isa = PBXNativeTarget;
			buildConfigurationList = B192B5B61D9AC9A200C8B9C2 /* Build configuration list for PBXNativeTarget "FaghelgappTests" */;
			buildPhases = (
				D45F7F037DF4EF853116DE27 /* [CP] Check Pods Manifest.lock */,
				B192B5A61D9AC9A200C8B9C2 /* Sources */,
				B192B5A71D9AC9A200C8B9C2 /* Frameworks */,
				B192B5A81D9AC9A200C8B9C2 /* Resources */,
				624031762109C80AE3932440 /* [CP] Embed Pods Frameworks */,
				F41874CB2670AE854C31F6B3 /* [CP] Copy Pods Resources */,
			);
			buildRules = (
			);
			dependencies = (
				B192B5AC1D9AC9A200C8B9C2 /* PBXTargetDependency */,
			);
			name = FaghelgappTests;
			productName = FaghelgappTests;
			productReference = B192B5AA1D9AC9A200C8B9C2 /* FaghelgappTests.xctest */;
			productType = "com.apple.product-type.bundle.unit-test";
		};
/* End PBXNativeTarget section */

/* Begin PBXProject section */
		B192B58E1D9AC9A200C8B9C2 /* Project object */ = {
			isa = PBXProject;
			attributes = {
				LastSwiftUpdateCheck = 0800;
				LastUpgradeCheck = 0800;
				ORGANIZATIONNAME = "Idar Vassdal";
				TargetAttributes = {
					B192B5951D9AC9A200C8B9C2 = {
						CreatedOnToolsVersion = 8.0;
						DevelopmentTeam = 74XXV957HC;
						LastSwiftMigration = 0900;
						ProvisioningStyle = Automatic;
						SystemCapabilities = {
							com.apple.BackgroundModes = {
								enabled = 1;
							};
							com.apple.Keychain = {
								enabled = 1;
							};
							com.apple.Push = {
								enabled = 1;
							};
						};
					};
					B192B5A91D9AC9A200C8B9C2 = {
						CreatedOnToolsVersion = 8.0;
						LastSwiftMigration = 0900;
						ProvisioningStyle = Automatic;
						TestTargetID = B192B5951D9AC9A200C8B9C2;
					};
				};
			};
			buildConfigurationList = B192B5911D9AC9A200C8B9C2 /* Build configuration list for PBXProject "Faghelgapp" */;
			compatibilityVersion = "Xcode 3.2";
			developmentRegion = English;
			hasScannedForEncodings = 0;
			knownRegions = (
				en,
				Base,
			);
			mainGroup = B192B58D1D9AC9A200C8B9C2;
			productRefGroup = B192B5971D9AC9A200C8B9C2 /* Products */;
			projectDirPath = "";
			projectRoot = "";
			targets = (
				B192B5951D9AC9A200C8B9C2 /* Faghelgapp */,
				B192B5A91D9AC9A200C8B9C2 /* FaghelgappTests */,
			);
		};
/* End PBXProject section */

/* Begin PBXResourcesBuildPhase section */
		B192B5941D9AC9A200C8B9C2 /* Resources */ = {
			isa = PBXResourcesBuildPhase;
			buildActionMask = 2147483647;
			files = (
				8484EE381E4107A900B89B6E /* LaunchScreen.storyboard in Resources */,
				9FEC6A1D1DAE8D3400EA1D1C /* EventScrollerCell.xib in Resources */,
				1F1194E31E5630C400838CB3 /* LoadingView.xib in Resources */,
				9FEC6A0D1DAE8BA000EA1D1C /* Roboto-Black.ttf in Resources */,
				1F4109141E7728DC0028ACFA /* FullscreenImageView.xib in Resources */,
				9FEC6A0E1DAE8BA000EA1D1C /* Roboto-BlackItalic.ttf in Resources */,
				9FEC6A0F1DAE8BA000EA1D1C /* Roboto-Bold.ttf in Resources */,
				9FEC6A101DAE8BA000EA1D1C /* Roboto-BoldItalic.ttf in Resources */,
				9FEC6A111DAE8BA000EA1D1C /* Roboto-Italic.ttf in Resources */,
				9FEC6A121DAE8BA000EA1D1C /* Roboto-Light.ttf in Resources */,
				9FEC6A131DAE8BA000EA1D1C /* Roboto-LightItalic.ttf in Resources */,
				9FBD77361E2FEFC8000E0A1D /* FeedView.xib in Resources */,
				9FEC6A141DAE8BA000EA1D1C /* Roboto-Medium.ttf in Resources */,
				9FEC6A151DAE8BA000EA1D1C /* Roboto-MediumItalic.ttf in Resources */,
				9F16FA4F1E2FF1DB009971B3 /* TextMessageCell.xib in Resources */,
				E1F5B2AC1F9670EC00A13B56 /* GoogleService-Info.plist in Resources */,
				84BD34181E5618B000D2E7C1 /* PersonDetailsView.xib in Resources */,
				9F16FA541E2FF1FC009971B3 /* ProgramEntryCell.xib in Resources */,
				9FEC6A161DAE8BA000EA1D1C /* Roboto-Regular.ttf in Resources */,
				9F16FA581E2FF217009971B3 /* ProgramView.xib in Resources */,
				9FEC6A171DAE8BA000EA1D1C /* Roboto-Thin.ttf in Resources */,
				9FEC6A181DAE8BA000EA1D1C /* Roboto-ThinItalic.ttf in Resources */,
				9F5C00401E2FDC4900636470 /* NewMessageView.xib in Resources */,
				9F16FA451E2FF196009971B3 /* PeopleEntryCell.xib in Resources */,
				9F7F0EFF1E411CC3001BBE9C /* ImageMessageCell.xib in Resources */,
				9F16FA4A1E2FF1AA009971B3 /* PeopleHeaderCell.xib in Resources */,
				9FBD773F1E2FF063000E0A1D /* PeopleView.xib in Resources */,
				B192B5A11D9AC9A200C8B9C2 /* Assets.xcassets in Resources */,
				84A157C21DA588A400B460FF /* Main.storyboard in Resources */,
				9FCF1BE21DAEB93A00F6A3D5 /* EventScrollerView.xib in Resources */,
				9F5DC4B11DB173D3001FDCD2 /* EventView.xib in Resources */,
			);
			runOnlyForDeploymentPostprocessing = 0;
		};
		B192B5A81D9AC9A200C8B9C2 /* Resources */ = {
			isa = PBXResourcesBuildPhase;
			buildActionMask = 2147483647;
			files = (
			);
			runOnlyForDeploymentPostprocessing = 0;
		};
/* End PBXResourcesBuildPhase section */

/* Begin PBXShellScriptBuildPhase section */
		1103B2F8D4038E3A5403087E /* [CP] Copy Pods Resources */ = {
			isa = PBXShellScriptBuildPhase;
			buildActionMask = 2147483647;
			files = (
			);
			inputPaths = (
			);
			name = "[CP] Copy Pods Resources";
			outputPaths = (
			);
			runOnlyForDeploymentPostprocessing = 0;
			shellPath = /bin/sh;
			shellScript = "\"${SRCROOT}/Pods/Target Support Files/Pods-Faghelgapp/Pods-Faghelgapp-resources.sh\"\n";
			showEnvVarsInLog = 0;
		};
		624031762109C80AE3932440 /* [CP] Embed Pods Frameworks */ = {
			isa = PBXShellScriptBuildPhase;
			buildActionMask = 2147483647;
			files = (
			);
			inputPaths = (
			);
			name = "[CP] Embed Pods Frameworks";
			outputPaths = (
			);
			runOnlyForDeploymentPostprocessing = 0;
			shellPath = /bin/sh;
			shellScript = "\"${SRCROOT}/Pods/Target Support Files/Pods-FaghelgappTests/Pods-FaghelgappTests-frameworks.sh\"\n";
			showEnvVarsInLog = 0;
		};
		9F04D2971DBFA2D6002E3896 /* ShellScript */ = {
			isa = PBXShellScriptBuildPhase;
			buildActionMask = 2147483647;
			files = (
			);
			inputPaths = (
			);
			outputPaths = (
			);
			runOnlyForDeploymentPostprocessing = 0;
			shellPath = /bin/sh;
			shellScript = "\"${PODS_ROOT}/Fabric/run\" f050be13fe81907b41f0db98e604b954e6425c9e 47434df77af9aeb43729252565230534ebed102d0fc7a1d42065ebd08f15428b";
		};
		B7CA4F7D15FD0A455F59E384 /* [CP] Check Pods Manifest.lock */ = {
			isa = PBXShellScriptBuildPhase;
			buildActionMask = 2147483647;
			files = (
			);
			inputPaths = (
				"${PODS_PODFILE_DIR_PATH}/Podfile.lock",
				"${PODS_ROOT}/Manifest.lock",
			);
			name = "[CP] Check Pods Manifest.lock";
			outputPaths = (
				"$(DERIVED_FILE_DIR)/Pods-Faghelgapp-checkManifestLockResult.txt",
			);
			runOnlyForDeploymentPostprocessing = 0;
			shellPath = /bin/sh;
			shellScript = "diff \"${PODS_PODFILE_DIR_PATH}/Podfile.lock\" \"${PODS_ROOT}/Manifest.lock\" > /dev/null\nif [ $? != 0 ] ; then\n    # print error to STDERR\n    echo \"error: The sandbox is not in sync with the Podfile.lock. Run 'pod install' or update your CocoaPods installation.\" >&2\n    exit 1\nfi\n# This output is used by Xcode 'outputs' to avoid re-running this script phase.\necho \"SUCCESS\" > \"${SCRIPT_OUTPUT_FILE_0}\"\n";
			showEnvVarsInLog = 0;
		};
		D45F7F037DF4EF853116DE27 /* [CP] Check Pods Manifest.lock */ = {
			isa = PBXShellScriptBuildPhase;
			buildActionMask = 2147483647;
			files = (
			);
			inputPaths = (
				"${PODS_PODFILE_DIR_PATH}/Podfile.lock",
				"${PODS_ROOT}/Manifest.lock",
			);
			name = "[CP] Check Pods Manifest.lock";
			outputPaths = (
				"$(DERIVED_FILE_DIR)/Pods-FaghelgappTests-checkManifestLockResult.txt",
			);
			runOnlyForDeploymentPostprocessing = 0;
			shellPath = /bin/sh;
			shellScript = "diff \"${PODS_PODFILE_DIR_PATH}/Podfile.lock\" \"${PODS_ROOT}/Manifest.lock\" > /dev/null\nif [ $? != 0 ] ; then\n    # print error to STDERR\n    echo \"error: The sandbox is not in sync with the Podfile.lock. Run 'pod install' or update your CocoaPods installation.\" >&2\n    exit 1\nfi\n# This output is used by Xcode 'outputs' to avoid re-running this script phase.\necho \"SUCCESS\" > \"${SCRIPT_OUTPUT_FILE_0}\"\n";
			showEnvVarsInLog = 0;
		};
		E11E47C21F7412E90082DDCE /* ShellScript */ = {
			isa = PBXShellScriptBuildPhase;
			buildActionMask = 2147483647;
			files = (
			);
			inputPaths = (
			);
			outputPaths = (
			);
			runOnlyForDeploymentPostprocessing = 0;
			shellPath = /bin/sh;
			shellScript = "\"${PODS_ROOT}/SwiftLint/swiftlint\"";
		};
		F2CFACF09EDDF74C30909624 /* [CP] Embed Pods Frameworks */ = {
			isa = PBXShellScriptBuildPhase;
			buildActionMask = 2147483647;
			files = (
			);
			inputPaths = (
				"${SRCROOT}/Pods/Target Support Files/Pods-Faghelgapp/Pods-Faghelgapp-frameworks.sh",
				"${BUILT_PRODUCTS_DIR}/GTMSessionFetcher/GTMSessionFetcher.framework",
				"${BUILT_PRODUCTS_DIR}/GoogleToolboxForMac/GoogleToolboxForMac.framework",
				"${BUILT_PRODUCTS_DIR}/Kingfisher/Kingfisher.framework",
				"${BUILT_PRODUCTS_DIR}/Realm/Realm.framework",
				"${BUILT_PRODUCTS_DIR}/RealmSwift/RealmSwift.framework",
				"${BUILT_PRODUCTS_DIR}/nanopb/nanopb.framework",
			);
			name = "[CP] Embed Pods Frameworks";
			outputPaths = (
				"${TARGET_BUILD_DIR}/${FRAMEWORKS_FOLDER_PATH}/GTMSessionFetcher.framework",
				"${TARGET_BUILD_DIR}/${FRAMEWORKS_FOLDER_PATH}/GoogleToolboxForMac.framework",
				"${TARGET_BUILD_DIR}/${FRAMEWORKS_FOLDER_PATH}/Kingfisher.framework",
				"${TARGET_BUILD_DIR}/${FRAMEWORKS_FOLDER_PATH}/Realm.framework",
				"${TARGET_BUILD_DIR}/${FRAMEWORKS_FOLDER_PATH}/RealmSwift.framework",
				"${TARGET_BUILD_DIR}/${FRAMEWORKS_FOLDER_PATH}/nanopb.framework",
			);
			runOnlyForDeploymentPostprocessing = 0;
			shellPath = /bin/sh;
			shellScript = "\"${SRCROOT}/Pods/Target Support Files/Pods-Faghelgapp/Pods-Faghelgapp-frameworks.sh\"\n";
			showEnvVarsInLog = 0;
		};
		F41874CB2670AE854C31F6B3 /* [CP] Copy Pods Resources */ = {
			isa = PBXShellScriptBuildPhase;
			buildActionMask = 2147483647;
			files = (
			);
			inputPaths = (
			);
			name = "[CP] Copy Pods Resources";
			outputPaths = (
			);
			runOnlyForDeploymentPostprocessing = 0;
			shellPath = /bin/sh;
			shellScript = "\"${SRCROOT}/Pods/Target Support Files/Pods-FaghelgappTests/Pods-FaghelgappTests-resources.sh\"\n";
			showEnvVarsInLog = 0;
		};
/* End PBXShellScriptBuildPhase section */

/* Begin PBXSourcesBuildPhase section */
		B192B5921D9AC9A200C8B9C2 /* Sources */ = {
			isa = PBXSourcesBuildPhase;
			buildActionMask = 2147483647;
			files = (
				84BD34131E56184000D2E7C1 /* PersonDetailsViewModel.swift in Sources */,
				9F25AFB51DA2AF6D00488CA6 /* Program.swift in Sources */,
				9F7F0EFD1E411C9F001BBE9C /* ImageMessageCell.swift in Sources */,
				9FCF1BE51DAEBAA900F6A3D5 /* EventScrollerCell.swift in Sources */,
				9F25AFA41DA2ABFB00488CA6 /* ProgramService.swift in Sources */,
				9F25AFB21DA2AE2900488CA6 /* Constants.swift in Sources */,
				1F4109131E7728DB0028ACFA /* FullscreenImageView.swift in Sources */,
				9F5C002C1E2FD7F200636470 /* PeopleRouter.swift in Sources */,
				9F25AFB91DA2B0DE00488CA6 /* Person.swift in Sources */,
				9F25AFAB1DA2AD0E00488CA6 /* SeededURLSession.swift in Sources */,
				9F5C00381E2FD85B00636470 /* NewMessagePresenter.swift in Sources */,
				1F1194E51E56326900838CB3 /* LoadingViewController.swift in Sources */,
				9F5C003A1E2FD85B00636470 /* NewMessageViewController.swift in Sources */,
				1F41090F1E7728DB0028ACFA /* FullscreenImageConfigurator.swift in Sources */,
				9F25AFBE1DA2BF7300488CA6 /* Date+Formats.swift in Sources */,
				9F04D2A71DBFD27A002E3896 /* MessageInput.swift in Sources */,
				84BD34121E56184000D2E7C1 /* PersonDetailsViewController.swift in Sources */,
				9F5C002B1E2FD7F200636470 /* PeoplePresenter.swift in Sources */,
				84CA3AF11DBFF72200662994 /* MesanTabBarController.swift in Sources */,
				9F5C00111E2FD60600636470 /* ProgramPresenter.swift in Sources */,
				9F5C00291E2FD7F200636470 /* PeopleConfigurator.swift in Sources */,
				9F5C00121E2FD60600636470 /* ProgramRouter.swift in Sources */,
				1F4109151E7728DC0028ACFA /* FullscreenImageViewController.swift in Sources */,
				9F2CF2211DB6AB55004DA01F /* MesanViewController.swift in Sources */,
				9F25AFA91DA2ACF400488CA6 /* Config.swift in Sources */,
				9FEB71A31D9ACD1200BBFA54 /* NibLoadingView.swift in Sources */,
				9F16FA571E2FF217009971B3 /* ProgramView.swift in Sources */,
				9FCF1BE01DAEB93000F6A3D5 /* EventScrollerView.swift in Sources */,
				9FB329901E2FDE670056AB56 /* ImagePicking.swift in Sources */,
				B192B59A1D9AC9A200C8B9C2 /* AppDelegate.swift in Sources */,
				9FEC6A1B1DAE8CF500EA1D1C /* EventView.swift in Sources */,
				9FEB71B41D9AE94D00BBFA54 /* Day.swift in Sources */,
				9F5C00361E2FD85B00636470 /* NewMessageConfigurator.swift in Sources */,
				9F5C001D1E2FD77000636470 /* FeedInteractor.swift in Sources */,
				9F0D58AC1DC8FF8300555BE1 /* PushService.swift in Sources */,
				9F0D58AE1DC90B2600555BE1 /* PushDevice.swift in Sources */,
				B14678CC1DC8FEB8007CF61B /* DateFormatter+TimeSince.swift in Sources */,
				9F5C001F1E2FD77000636470 /* FeedRouter.swift in Sources */,
				84824D7F1DAE81E400D176BA /* PeopleService.swift in Sources */,
				9F04D2991DBFA5A6002E3896 /* MessageService.swift in Sources */,
				E1F5B2A81F96647400A13B56 /* NibDesignable.swift in Sources */,
				9F5C003B1E2FD85B00636470 /* NewMessageViewModel.swift in Sources */,
				1F1194E71E56333D00838CB3 /* Loading.swift in Sources */,
				1F4109121E7728DB0028ACFA /* FullscreenImageRouter.swift in Sources */,
				9F5DC4AD1DB16E43001FDCD2 /* EventPageViewController.swift in Sources */,
				9F5C000F1E2FD60600636470 /* ProgramConfigurator.swift in Sources */,
				9F25AFA71DA2ACCD00488CA6 /* HTTPClient.swift in Sources */,
				9F2CF2231DB6AFB8004DA01F /* TokenUtil.swift in Sources */,
				9F5C00371E2FD85B00636470 /* NewMessageInteractor.swift in Sources */,
				9F25AFB01DA2ADA300488CA6 /* Logger.swift in Sources */,
				9F16FA4E1E2FF1DB009971B3 /* TextMessageCell.swift in Sources */,
				9F5C00391E2FD85B00636470 /* NewMessageRouter.swift in Sources */,
				9F5C002D1E2FD7F200636470 /* PeopleViewController.swift in Sources */,
				E1F5B2AE1F96853100A13B56 /* AuthService.swift in Sources */,
				84BD340E1E56184000D2E7C1 /* PersonDetailsConfigurator.swift in Sources */,
				9F25AFBC1DA2B91600488CA6 /* Date+WeekDay.swift in Sources */,
				9F5C001E1E2FD77000636470 /* FeedPresenter.swift in Sources */,
				9F5DC4AF1DB16F68001FDCD2 /* EventViewController.swift in Sources */,
				84C9E2D71DC901A100C85042 /* UIColor+Faghelgapp.swift in Sources */,
				9F5C002E1E2FD7F200636470 /* PeopleViewModel.swift in Sources */,
				9F5C00201E2FD77000636470 /* FeedViewController.swift in Sources */,
				9F5C001C1E2FD77000636470 /* FeedConfigurator.swift in Sources */,
				9F9901611DB69A6A0043633A /* LogInViewController.swift in Sources */,
				9F5C00131E2FD60600636470 /* ProgramViewController.swift in Sources */,
				9FBD773E1E2FF063000E0A1D /* PeopleView.swift in Sources */,
				9F5C00141E2FD60600636470 /* ProgramViewModel.swift in Sources */,
				9F5C002A1E2FD7F200636470 /* PeopleInteractor.swift in Sources */,
				9F5DC4AB1DB16D87001FDCD2 /* EventsViewController.swift in Sources */,
				84A8709B1DBFE62E0090BBB3 /* UIImage+Color.swift in Sources */,
				9F5C00211E2FD77000636470 /* FeedViewModel.swift in Sources */,
				84BD34111E56184000D2E7C1 /* PersonDetailsRouter.swift in Sources */,
				84C9E2D51DC8FFDC00C85042 /* UIFont+Faghelgapp.swift in Sources */,
				9FBD77351E2FEFC8000E0A1D /* FeedView.swift in Sources */,
				84BD340F1E56184000D2E7C1 /* PersonDetailsInteractor.swift in Sources */,
				9F25AFB71DA2B04E00488CA6 /* Event.swift in Sources */,
				84BD34101E56184000D2E7C1 /* PersonDetailsPresenter.swift in Sources */,
				1F1194E11E562FC300838CB3 /* LoadingView.swift in Sources */,
				9F04D29B1DBFA5FE002E3896 /* Message.swift in Sources */,
				9F16FA491E2FF1AA009971B3 /* PeopleHeaderCell.swift in Sources */,
				9F16FA441E2FF196009971B3 /* PeopleEntryCell.swift in Sources */,
				9F25AFAD1DA2AD2900488CA6 /* SeededDataTask.swift in Sources */,
				9F5C003F1E2FDC4900636470 /* NewMessageView.swift in Sources */,
				9F16FA531E2FF1FC009971B3 /* ProgramEntryCell.swift in Sources */,
				9FBD772F1E2FEE41000E0A1D /* ImageEncoder.swift in Sources */,
				84BD34161E56189F00D2E7C1 /* PersonDetailsView.swift in Sources */,
				9F5C00101E2FD60600636470 /* ProgramInteractor.swift in Sources */,
			);
			runOnlyForDeploymentPostprocessing = 0;
		};
		B192B5A61D9AC9A200C8B9C2 /* Sources */ = {
			isa = PBXSourcesBuildPhase;
			buildActionMask = 2147483647;
			files = (
				B192B5AF1D9AC9A200C8B9C2 /* FaghelgappTests.swift in Sources */,
			);
			runOnlyForDeploymentPostprocessing = 0;
		};
/* End PBXSourcesBuildPhase section */

/* Begin PBXTargetDependency section */
		B192B5AC1D9AC9A200C8B9C2 /* PBXTargetDependency */ = {
			isa = PBXTargetDependency;
			target = B192B5951D9AC9A200C8B9C2 /* Faghelgapp */;
			targetProxy = B192B5AB1D9AC9A200C8B9C2 /* PBXContainerItemProxy */;
		};
/* End PBXTargetDependency section */

/* Begin PBXVariantGroup section */
		8484EE361E4107A900B89B6E /* LaunchScreen.storyboard */ = {
			isa = PBXVariantGroup;
			children = (
				8484EE371E4107A900B89B6E /* Base */,
			);
			name = LaunchScreen.storyboard;
			sourceTree = "<group>";
		};
		84A157C01DA588A400B460FF /* Main.storyboard */ = {
			isa = PBXVariantGroup;
			children = (
				84A157C11DA588A400B460FF /* Base */,
			);
			name = Main.storyboard;
			sourceTree = "<group>";
		};
/* End PBXVariantGroup section */

/* Begin XCBuildConfiguration section */
		B192B5B11D9AC9A200C8B9C2 /* Debug */ = {
			isa = XCBuildConfiguration;
			buildSettings = {
				ALWAYS_SEARCH_USER_PATHS = NO;
				CLANG_ANALYZER_NONNULL = YES;
				CLANG_CXX_LANGUAGE_STANDARD = "gnu++0x";
				CLANG_CXX_LIBRARY = "libc++";
				CLANG_ENABLE_MODULES = YES;
				CLANG_ENABLE_OBJC_ARC = YES;
				CLANG_WARN_BOOL_CONVERSION = YES;
				CLANG_WARN_CONSTANT_CONVERSION = YES;
				CLANG_WARN_DIRECT_OBJC_ISA_USAGE = YES_ERROR;
				CLANG_WARN_DOCUMENTATION_COMMENTS = YES;
				CLANG_WARN_EMPTY_BODY = YES;
				CLANG_WARN_ENUM_CONVERSION = YES;
				CLANG_WARN_INFINITE_RECURSION = YES;
				CLANG_WARN_INT_CONVERSION = YES;
				CLANG_WARN_OBJC_ROOT_CLASS = YES_ERROR;
				CLANG_WARN_SUSPICIOUS_MOVES = YES;
				CLANG_WARN_UNREACHABLE_CODE = YES;
				CLANG_WARN__DUPLICATE_METHOD_MATCH = YES;
				"CODE_SIGN_IDENTITY[sdk=iphoneos*]" = "iPhone Developer";
				COPY_PHASE_STRIP = NO;
				DEBUG_INFORMATION_FORMAT = dwarf;
				ENABLE_STRICT_OBJC_MSGSEND = YES;
				ENABLE_TESTABILITY = YES;
				GCC_C_LANGUAGE_STANDARD = gnu99;
				GCC_DYNAMIC_NO_PIC = NO;
				GCC_NO_COMMON_BLOCKS = YES;
				GCC_OPTIMIZATION_LEVEL = 0;
				GCC_PREPROCESSOR_DEFINITIONS = (
					"DEBUG=1",
					"$(inherited)",
				);
				GCC_WARN_64_TO_32_BIT_CONVERSION = YES;
				GCC_WARN_ABOUT_RETURN_TYPE = YES_ERROR;
				GCC_WARN_UNDECLARED_SELECTOR = YES;
				GCC_WARN_UNINITIALIZED_AUTOS = YES_AGGRESSIVE;
				GCC_WARN_UNUSED_FUNCTION = YES;
				GCC_WARN_UNUSED_VARIABLE = YES;
				IPHONEOS_DEPLOYMENT_TARGET = 10.0;
				MTL_ENABLE_DEBUG_INFO = YES;
				ONLY_ACTIVE_ARCH = YES;
				SDKROOT = iphoneos;
				SWIFT_ACTIVE_COMPILATION_CONDITIONS = DEBUG;
				SWIFT_OPTIMIZATION_LEVEL = "-Onone";
				TARGETED_DEVICE_FAMILY = "1,2";
			};
			name = Debug;
		};
		B192B5B21D9AC9A200C8B9C2 /* Release */ = {
			isa = XCBuildConfiguration;
			buildSettings = {
				ALWAYS_SEARCH_USER_PATHS = NO;
				CLANG_ANALYZER_NONNULL = YES;
				CLANG_CXX_LANGUAGE_STANDARD = "gnu++0x";
				CLANG_CXX_LIBRARY = "libc++";
				CLANG_ENABLE_MODULES = YES;
				CLANG_ENABLE_OBJC_ARC = YES;
				CLANG_WARN_BOOL_CONVERSION = YES;
				CLANG_WARN_CONSTANT_CONVERSION = YES;
				CLANG_WARN_DIRECT_OBJC_ISA_USAGE = YES_ERROR;
				CLANG_WARN_DOCUMENTATION_COMMENTS = YES;
				CLANG_WARN_EMPTY_BODY = YES;
				CLANG_WARN_ENUM_CONVERSION = YES;
				CLANG_WARN_INFINITE_RECURSION = YES;
				CLANG_WARN_INT_CONVERSION = YES;
				CLANG_WARN_OBJC_ROOT_CLASS = YES_ERROR;
				CLANG_WARN_SUSPICIOUS_MOVES = YES;
				CLANG_WARN_UNREACHABLE_CODE = YES;
				CLANG_WARN__DUPLICATE_METHOD_MATCH = YES;
				"CODE_SIGN_IDENTITY[sdk=iphoneos*]" = "iPhone Developer";
				COPY_PHASE_STRIP = NO;
				DEBUG_INFORMATION_FORMAT = "dwarf-with-dsym";
				ENABLE_NS_ASSERTIONS = NO;
				ENABLE_STRICT_OBJC_MSGSEND = YES;
				GCC_C_LANGUAGE_STANDARD = gnu99;
				GCC_NO_COMMON_BLOCKS = YES;
				GCC_WARN_64_TO_32_BIT_CONVERSION = YES;
				GCC_WARN_ABOUT_RETURN_TYPE = YES_ERROR;
				GCC_WARN_UNDECLARED_SELECTOR = YES;
				GCC_WARN_UNINITIALIZED_AUTOS = YES_AGGRESSIVE;
				GCC_WARN_UNUSED_FUNCTION = YES;
				GCC_WARN_UNUSED_VARIABLE = YES;
				IPHONEOS_DEPLOYMENT_TARGET = 10.0;
				MTL_ENABLE_DEBUG_INFO = NO;
				SDKROOT = iphoneos;
				SWIFT_OPTIMIZATION_LEVEL = "-Owholemodule";
				TARGETED_DEVICE_FAMILY = "1,2";
				VALIDATE_PRODUCT = YES;
			};
			name = Release;
		};
		B192B5B41D9AC9A200C8B9C2 /* Debug */ = {
			isa = XCBuildConfiguration;
			baseConfigurationReference = 32452F3C2530CF3E4413DD5C /* Pods-Faghelgapp.debug.xcconfig */;
			buildSettings = {
				ASSETCATALOG_COMPILER_APPICON_NAME = AppIcon;
				CODE_SIGN_ENTITLEMENTS = Faghelgapp/Faghelgapp.entitlements;
				CODE_SIGN_IDENTITY = "iPhone Developer: Thomas Pettersen (M8AEARF2WB)";
				"CODE_SIGN_IDENTITY[sdk=iphoneos*]" = "iPhone Developer";
				DEVELOPMENT_TEAM = 74XXV957HC;
				INFOPLIST_FILE = Faghelgapp/Info.plist;
				IPHONEOS_DEPLOYMENT_TARGET = 11.0;
				LD_RUNPATH_SEARCH_PATHS = "$(inherited) @executable_path/Frameworks";
				PRODUCT_BUNDLE_IDENTIFIER = no.mesan.faghelgapp;
				PRODUCT_NAME = "$(TARGET_NAME)";
				PROVISIONING_PROFILE = "";
				PROVISIONING_PROFILE_SPECIFIER = "";
				SWIFT_OBJC_BRIDGING_HEADER = "Faghelgapp/Faghelgapp-Bridging-Header.h";
				SWIFT_SWIFT3_OBJC_INFERENCE = On;
				SWIFT_VERSION = 4.0;
			};
			name = Debug;
		};
		B192B5B51D9AC9A200C8B9C2 /* Release */ = {
			isa = XCBuildConfiguration;
			baseConfigurationReference = 7B44F67761C6C29BE29B3E52 /* Pods-Faghelgapp.release.xcconfig */;
			buildSettings = {
				ASSETCATALOG_COMPILER_APPICON_NAME = AppIcon;
				CODE_SIGN_ENTITLEMENTS = Faghelgapp/Faghelgapp.entitlements;
				CODE_SIGN_IDENTITY = "iPhone Distribution: MESAN AS";
				"CODE_SIGN_IDENTITY[sdk=iphoneos*]" = "iPhone Developer";
				DEVELOPMENT_TEAM = 74XXV957HC;
				INFOPLIST_FILE = Faghelgapp/Info.plist;
				IPHONEOS_DEPLOYMENT_TARGET = 11.0;
				LD_RUNPATH_SEARCH_PATHS = "$(inherited) @executable_path/Frameworks";
				PRODUCT_BUNDLE_IDENTIFIER = no.mesan.faghelgapp;
				PRODUCT_NAME = "$(TARGET_NAME)";
				PROVISIONING_PROFILE = "";
				PROVISIONING_PROFILE_SPECIFIER = "";
				SWIFT_OBJC_BRIDGING_HEADER = "Faghelgapp/Faghelgapp-Bridging-Header.h";
				SWIFT_SWIFT3_OBJC_INFERENCE = On;
				SWIFT_VERSION = 4.0;
			};
			name = Release;
		};
		B192B5B71D9AC9A200C8B9C2 /* Debug */ = {
			isa = XCBuildConfiguration;
			baseConfigurationReference = CD2D24CA29C7CA7FDB04833B /* Pods-FaghelgappTests.debug.xcconfig */;
			buildSettings = {
				ALWAYS_EMBED_SWIFT_STANDARD_LIBRARIES = YES;
				BUNDLE_LOADER = "$(TEST_HOST)";
				INFOPLIST_FILE = FaghelgappTests/Info.plist;
				LD_RUNPATH_SEARCH_PATHS = "$(inherited) @executable_path/Frameworks @loader_path/Frameworks";
				PRODUCT_BUNDLE_IDENTIFIER = no.mesan.FaghelgappTests;
				PRODUCT_NAME = "$(TARGET_NAME)";
				SWIFT_SWIFT3_OBJC_INFERENCE = On;
				SWIFT_VERSION = 4.0;
				TEST_HOST = "$(BUILT_PRODUCTS_DIR)/Faghelgapp.app/Faghelgapp";
			};
			name = Debug;
		};
		B192B5B81D9AC9A200C8B9C2 /* Release */ = {
			isa = XCBuildConfiguration;
			baseConfigurationReference = 0AAE2BEED2A4853F25553F07 /* Pods-FaghelgappTests.release.xcconfig */;
			buildSettings = {
				ALWAYS_EMBED_SWIFT_STANDARD_LIBRARIES = YES;
				BUNDLE_LOADER = "$(TEST_HOST)";
				INFOPLIST_FILE = FaghelgappTests/Info.plist;
				LD_RUNPATH_SEARCH_PATHS = "$(inherited) @executable_path/Frameworks @loader_path/Frameworks";
				PRODUCT_BUNDLE_IDENTIFIER = no.mesan.FaghelgappTests;
				PRODUCT_NAME = "$(TARGET_NAME)";
				SWIFT_SWIFT3_OBJC_INFERENCE = On;
				SWIFT_VERSION = 4.0;
				TEST_HOST = "$(BUILT_PRODUCTS_DIR)/Faghelgapp.app/Faghelgapp";
			};
			name = Release;
		};
/* End XCBuildConfiguration section */

/* Begin XCConfigurationList section */
		B192B5911D9AC9A200C8B9C2 /* Build configuration list for PBXProject "Faghelgapp" */ = {
			isa = XCConfigurationList;
			buildConfigurations = (
				B192B5B11D9AC9A200C8B9C2 /* Debug */,
				B192B5B21D9AC9A200C8B9C2 /* Release */,
			);
			defaultConfigurationIsVisible = 0;
			defaultConfigurationName = Release;
		};
		B192B5B31D9AC9A200C8B9C2 /* Build configuration list for PBXNativeTarget "Faghelgapp" */ = {
			isa = XCConfigurationList;
			buildConfigurations = (
				B192B5B41D9AC9A200C8B9C2 /* Debug */,
				B192B5B51D9AC9A200C8B9C2 /* Release */,
			);
			defaultConfigurationIsVisible = 0;
			defaultConfigurationName = Release;
		};
		B192B5B61D9AC9A200C8B9C2 /* Build configuration list for PBXNativeTarget "FaghelgappTests" */ = {
			isa = XCConfigurationList;
			buildConfigurations = (
				B192B5B71D9AC9A200C8B9C2 /* Debug */,
				B192B5B81D9AC9A200C8B9C2 /* Release */,
			);
			defaultConfigurationIsVisible = 0;
			defaultConfigurationName = Release;
		};
/* End XCConfigurationList section */
	};
	rootObject = B192B58E1D9AC9A200C8B9C2 /* Project object */;
}
